// !$*UTF8*$!
{
	archiveVersion = 1;
	classes = {
	};
	objectVersion = 54;
	objects = {

/* Begin PBXBuildFile section */
		058557BB273AAA24004C7B11 /* Assets.xcassets in Resources */ = {isa = PBXBuildFile; fileRef = 058557BA273AAA24004C7B11 /* Assets.xcassets */; };
		058557D9273AAEEB004C7B11 /* Preview Assets.xcassets in Resources */ = {isa = PBXBuildFile; fileRef = 058557D8273AAEEB004C7B11 /* Preview Assets.xcassets */; };
		2152FB042600AC8F00CF470E /* iOSApp.swift in Sources */ = {isa = PBXBuildFile; fileRef = 2152FB032600AC8F00CF470E /* iOSApp.swift */; };
		7555FF83242A565900829871 /* ContentView.swift in Sources */ = {isa = PBXBuildFile; fileRef = 7555FF82242A565900829871 /* ContentView.swift */; };
		DA19086A2BE6CCE5003D1F16 /* lato_bold.ttf in Resources */ = {isa = PBXBuildFile; fileRef = DA19084B2BE6CCE5003D1F16 /* lato_bold.ttf */; };
		DA19086B2BE6CCE5003D1F16 /* lato_medium.ttf in Resources */ = {isa = PBXBuildFile; fileRef = DA19084C2BE6CCE5003D1F16 /* lato_medium.ttf */; };
		DA19086C2BE6CCE5003D1F16 /* lato_regular.ttf in Resources */ = {isa = PBXBuildFile; fileRef = DA19084D2BE6CCE5003D1F16 /* lato_regular.ttf */; };
		DA19086D2BE6CCE5003D1F16 /* notosans_light_italic.ttf in Resources */ = {isa = PBXBuildFile; fileRef = DA19084E2BE6CCE5003D1F16 /* notosans_light_italic.ttf */; };
		DA19086E2BE6CCE5003D1F16 /* notosans_light.ttf in Resources */ = {isa = PBXBuildFile; fileRef = DA19084F2BE6CCE5003D1F16 /* notosans_light.ttf */; };
		DA19086F2BE6CCE5003D1F16 /* notosans_regular.ttf in Resources */ = {isa = PBXBuildFile; fileRef = DA1908502BE6CCE5003D1F16 /* notosans_regular.ttf */; };
		DA1908702BE6CCE5003D1F16 /* notoserif_black.ttf in Resources */ = {isa = PBXBuildFile; fileRef = DA1908512BE6CCE5003D1F16 /* notoserif_black.ttf */; };
		DA1908712BE6CCE5003D1F16 /* notoserif_bold.ttf in Resources */ = {isa = PBXBuildFile; fileRef = DA1908522BE6CCE5003D1F16 /* notoserif_bold.ttf */; };
		DA1908722BE6CCE5003D1F16 /* notoserif_light.ttf in Resources */ = {isa = PBXBuildFile; fileRef = DA1908532BE6CCE5003D1F16 /* notoserif_light.ttf */; };
		DA1908732BE6CCE5003D1F16 /* notoserif_regular.ttf in Resources */ = {isa = PBXBuildFile; fileRef = DA1908542BE6CCE5003D1F16 /* notoserif_regular.ttf */; };
		DA1908742BE6CCE5003D1F16 /* notoserif_semibold.ttf in Resources */ = {isa = PBXBuildFile; fileRef = DA1908552BE6CCE5003D1F16 /* notoserif_semibold.ttf */; };
		DA1908752BE6CCE5003D1F16 /* opensans_light_italic.ttf in Resources */ = {isa = PBXBuildFile; fileRef = DA1908562BE6CCE5003D1F16 /* opensans_light_italic.ttf */; };
		DA1908762BE6CCE5003D1F16 /* opensans_light.ttf in Resources */ = {isa = PBXBuildFile; fileRef = DA1908572BE6CCE5003D1F16 /* opensans_light.ttf */; };
		DA1908772BE6CCE5003D1F16 /* opensans_regular.ttf in Resources */ = {isa = PBXBuildFile; fileRef = DA1908582BE6CCE5003D1F16 /* opensans_regular.ttf */; };
		DA1908782BE6CCE5003D1F16 /* raleway_black.ttf in Resources */ = {isa = PBXBuildFile; fileRef = DA1908592BE6CCE5003D1F16 /* raleway_black.ttf */; };
		DA1908792BE6CCE5003D1F16 /* raleway_bold.ttf in Resources */ = {isa = PBXBuildFile; fileRef = DA19085A2BE6CCE5003D1F16 /* raleway_bold.ttf */; };
		DA19087A2BE6CCE5003D1F16 /* raleway_light.ttf in Resources */ = {isa = PBXBuildFile; fileRef = DA19085B2BE6CCE5003D1F16 /* raleway_light.ttf */; };
		DA19087B2BE6CCE5003D1F16 /* raleway_regular.ttf in Resources */ = {isa = PBXBuildFile; fileRef = DA19085C2BE6CCE5003D1F16 /* raleway_regular.ttf */; };
		DA19087C2BE6CCE5003D1F16 /* raleway_semibold.ttf in Resources */ = {isa = PBXBuildFile; fileRef = DA19085D2BE6CCE5003D1F16 /* raleway_semibold.ttf */; };
		DA19087D2BE6CCE5003D1F16 /* sourcecodepro_light.ttf in Resources */ = {isa = PBXBuildFile; fileRef = DA19085E2BE6CCE5003D1F16 /* sourcecodepro_light.ttf */; };
		DA19087E2BE6CCE5003D1F16 /* sourcecodepro_medium.ttf in Resources */ = {isa = PBXBuildFile; fileRef = DA19085F2BE6CCE5003D1F16 /* sourcecodepro_medium.ttf */; };
		DA19087F2BE6CCE5003D1F16 /* sourcecodepro_regular.ttf in Resources */ = {isa = PBXBuildFile; fileRef = DA1908602BE6CCE5003D1F16 /* sourcecodepro_regular.ttf */; };
		DA1908802BE6CCE5003D1F16 /* sourcecodepro_semibold.ttf in Resources */ = {isa = PBXBuildFile; fileRef = DA1908612BE6CCE5003D1F16 /* sourcecodepro_semibold.ttf */; };
		DA1908812BE6CCE5003D1F16 /* sourcesans_light_italic.ttf in Resources */ = {isa = PBXBuildFile; fileRef = DA1908622BE6CCE5003D1F16 /* sourcesans_light_italic.ttf */; };
		DA1908822BE6CCE5003D1F16 /* sourcesans_light.ttf in Resources */ = {isa = PBXBuildFile; fileRef = DA1908632BE6CCE5003D1F16 /* sourcesans_light.ttf */; };
		DA1908832BE6CCE5003D1F16 /* sourcesans_regular.ttf in Resources */ = {isa = PBXBuildFile; fileRef = DA1908642BE6CCE5003D1F16 /* sourcesans_regular.ttf */; };
		DA1908842BE6CCE5003D1F16 /* sourceserif_black.ttf in Resources */ = {isa = PBXBuildFile; fileRef = DA1908652BE6CCE5003D1F16 /* sourceserif_black.ttf */; };
		DA1908852BE6CCE5003D1F16 /* sourceserif_bold.ttf in Resources */ = {isa = PBXBuildFile; fileRef = DA1908662BE6CCE5003D1F16 /* sourceserif_bold.ttf */; };
		DA1908862BE6CCE5003D1F16 /* sourceserif_light.ttf in Resources */ = {isa = PBXBuildFile; fileRef = DA1908672BE6CCE5003D1F16 /* sourceserif_light.ttf */; };
		DA1908872BE6CCE5003D1F16 /* sourceserif_regular.ttf in Resources */ = {isa = PBXBuildFile; fileRef = DA1908682BE6CCE5003D1F16 /* sourceserif_regular.ttf */; };
		DA37995D2C17A3BC0091FC8A /* quotes.csv in Resources */ = {isa = PBXBuildFile; fileRef = DA37995C2C17A3BC0091FC8A /* quotes.csv */; };
		DAA7B6C72C0B46F300D038BA /* Analytics.swift in Sources */ = {isa = PBXBuildFile; fileRef = DAA7B6C62C0B46F300D038BA /* Analytics.swift */; };
		DAA7B6C92C0B4EFF00D038BA /* SwiftView.swift in Sources */ = {isa = PBXBuildFile; fileRef = DAA7B6C82C0B4EFF00D038BA /* SwiftView.swift */; };
		DAA7B6CB2C0B4F5700D038BA /* AdBannerView.swift in Sources */ = {isa = PBXBuildFile; fileRef = DAA7B6CA2C0B4F5700D038BA /* AdBannerView.swift */; };
		DAE5C5772C139C89002BF082 /* FirebaseAnalyticsSwift in Frameworks */ = {isa = PBXBuildFile; productRef = DAE5C5762C139C89002BF082 /* FirebaseAnalyticsSwift */; };
		DAE5C5792C139C89002BF082 /* FirebaseCrashlytics in Frameworks */ = {isa = PBXBuildFile; productRef = DAE5C5782C139C89002BF082 /* FirebaseCrashlytics */; };
		DAE5C57B2C139C89002BF082 /* FirebaseInAppMessagingSwift-Beta in Frameworks */ = {isa = PBXBuildFile; productRef = DAE5C57A2C139C89002BF082 /* FirebaseInAppMessagingSwift-Beta */; };
		DAE5C57E2C139CA5002BF082 /* AmplitudeSwift in Frameworks */ = {isa = PBXBuildFile; productRef = DAE5C57D2C139CA5002BF082 /* AmplitudeSwift */; };
		DAE5C5842C139D16002BF082 /* GoogleMobileAds in Frameworks */ = {isa = PBXBuildFile; productRef = DAE5C5832C139D16002BF082 /* GoogleMobileAds */; };
/* End PBXBuildFile section */

/* Begin PBXFileReference section */
		058557BA273AAA24004C7B11 /* Assets.xcassets */ = {isa = PBXFileReference; lastKnownFileType = folder.assetcatalog; path = Assets.xcassets; sourceTree = "<group>"; };
		058557D8273AAEEB004C7B11 /* Preview Assets.xcassets */ = {isa = PBXFileReference; lastKnownFileType = folder.assetcatalog; path = "Preview Assets.xcassets"; sourceTree = "<group>"; };
		2152FB032600AC8F00CF470E /* iOSApp.swift */ = {isa = PBXFileReference; lastKnownFileType = sourcecode.swift; path = iOSApp.swift; sourceTree = "<group>"; };
		3B376FFD696EF89CBEF4485E /* Pods-iosApp.release.xcconfig */ = {isa = PBXFileReference; includeInIndex = 1; lastKnownFileType = text.xcconfig; name = "Pods-iosApp.release.xcconfig"; path = "Target Support Files/Pods-iosApp/Pods-iosApp.release.xcconfig"; sourceTree = "<group>"; };
		7555FF7B242A565900829871 /* Word.app */ = {isa = PBXFileReference; explicitFileType = wrapper.application; includeInIndex = 0; path = Word.app; sourceTree = BUILT_PRODUCTS_DIR; };
		7555FF82242A565900829871 /* ContentView.swift */ = {isa = PBXFileReference; lastKnownFileType = sourcecode.swift; path = ContentView.swift; sourceTree = "<group>"; };
		7555FF8C242A565B00829871 /* Info.plist */ = {isa = PBXFileReference; lastKnownFileType = text.plist.xml; path = Info.plist; sourceTree = "<group>"; };
		AB3632DC29227652001CCB65 /* Config.xcconfig */ = {isa = PBXFileReference; fileEncoding = 4; lastKnownFileType = text.xcconfig; path = Config.xcconfig; sourceTree = "<group>"; };
		C33F53EF9253C0722416992F /* Pods-iosApp.debug.xcconfig */ = {isa = PBXFileReference; includeInIndex = 1; lastKnownFileType = text.xcconfig; name = "Pods-iosApp.debug.xcconfig"; path = "Target Support Files/Pods-iosApp/Pods-iosApp.debug.xcconfig"; sourceTree = "<group>"; };
		DA19084B2BE6CCE5003D1F16 /* lato_bold.ttf */ = {isa = PBXFileReference; lastKnownFileType = file; path = lato_bold.ttf; sourceTree = "<group>"; };
		DA19084C2BE6CCE5003D1F16 /* lato_medium.ttf */ = {isa = PBXFileReference; lastKnownFileType = file; path = lato_medium.ttf; sourceTree = "<group>"; };
		DA19084D2BE6CCE5003D1F16 /* lato_regular.ttf */ = {isa = PBXFileReference; lastKnownFileType = file; path = lato_regular.ttf; sourceTree = "<group>"; };
		DA19084E2BE6CCE5003D1F16 /* notosans_light_italic.ttf */ = {isa = PBXFileReference; lastKnownFileType = file; path = notosans_light_italic.ttf; sourceTree = "<group>"; };
		DA19084F2BE6CCE5003D1F16 /* notosans_light.ttf */ = {isa = PBXFileReference; lastKnownFileType = file; path = notosans_light.ttf; sourceTree = "<group>"; };
		DA1908502BE6CCE5003D1F16 /* notosans_regular.ttf */ = {isa = PBXFileReference; lastKnownFileType = file; path = notosans_regular.ttf; sourceTree = "<group>"; };
		DA1908512BE6CCE5003D1F16 /* notoserif_black.ttf */ = {isa = PBXFileReference; lastKnownFileType = file; path = notoserif_black.ttf; sourceTree = "<group>"; };
		DA1908522BE6CCE5003D1F16 /* notoserif_bold.ttf */ = {isa = PBXFileReference; lastKnownFileType = file; path = notoserif_bold.ttf; sourceTree = "<group>"; };
		DA1908532BE6CCE5003D1F16 /* notoserif_light.ttf */ = {isa = PBXFileReference; lastKnownFileType = file; path = notoserif_light.ttf; sourceTree = "<group>"; };
		DA1908542BE6CCE5003D1F16 /* notoserif_regular.ttf */ = {isa = PBXFileReference; lastKnownFileType = file; path = notoserif_regular.ttf; sourceTree = "<group>"; };
		DA1908552BE6CCE5003D1F16 /* notoserif_semibold.ttf */ = {isa = PBXFileReference; lastKnownFileType = file; path = notoserif_semibold.ttf; sourceTree = "<group>"; };
		DA1908562BE6CCE5003D1F16 /* opensans_light_italic.ttf */ = {isa = PBXFileReference; lastKnownFileType = file; path = opensans_light_italic.ttf; sourceTree = "<group>"; };
		DA1908572BE6CCE5003D1F16 /* opensans_light.ttf */ = {isa = PBXFileReference; lastKnownFileType = file; path = opensans_light.ttf; sourceTree = "<group>"; };
		DA1908582BE6CCE5003D1F16 /* opensans_regular.ttf */ = {isa = PBXFileReference; lastKnownFileType = file; path = opensans_regular.ttf; sourceTree = "<group>"; };
		DA1908592BE6CCE5003D1F16 /* raleway_black.ttf */ = {isa = PBXFileReference; lastKnownFileType = file; path = raleway_black.ttf; sourceTree = "<group>"; };
		DA19085A2BE6CCE5003D1F16 /* raleway_bold.ttf */ = {isa = PBXFileReference; lastKnownFileType = file; path = raleway_bold.ttf; sourceTree = "<group>"; };
		DA19085B2BE6CCE5003D1F16 /* raleway_light.ttf */ = {isa = PBXFileReference; lastKnownFileType = file; path = raleway_light.ttf; sourceTree = "<group>"; };
		DA19085C2BE6CCE5003D1F16 /* raleway_regular.ttf */ = {isa = PBXFileReference; lastKnownFileType = file; path = raleway_regular.ttf; sourceTree = "<group>"; };
		DA19085D2BE6CCE5003D1F16 /* raleway_semibold.ttf */ = {isa = PBXFileReference; lastKnownFileType = file; path = raleway_semibold.ttf; sourceTree = "<group>"; };
		DA19085E2BE6CCE5003D1F16 /* sourcecodepro_light.ttf */ = {isa = PBXFileReference; lastKnownFileType = file; path = sourcecodepro_light.ttf; sourceTree = "<group>"; };
		DA19085F2BE6CCE5003D1F16 /* sourcecodepro_medium.ttf */ = {isa = PBXFileReference; lastKnownFileType = file; path = sourcecodepro_medium.ttf; sourceTree = "<group>"; };
		DA1908602BE6CCE5003D1F16 /* sourcecodepro_regular.ttf */ = {isa = PBXFileReference; lastKnownFileType = file; path = sourcecodepro_regular.ttf; sourceTree = "<group>"; };
		DA1908612BE6CCE5003D1F16 /* sourcecodepro_semibold.ttf */ = {isa = PBXFileReference; lastKnownFileType = file; path = sourcecodepro_semibold.ttf; sourceTree = "<group>"; };
		DA1908622BE6CCE5003D1F16 /* sourcesans_light_italic.ttf */ = {isa = PBXFileReference; lastKnownFileType = file; path = sourcesans_light_italic.ttf; sourceTree = "<group>"; };
		DA1908632BE6CCE5003D1F16 /* sourcesans_light.ttf */ = {isa = PBXFileReference; lastKnownFileType = file; path = sourcesans_light.ttf; sourceTree = "<group>"; };
		DA1908642BE6CCE5003D1F16 /* sourcesans_regular.ttf */ = {isa = PBXFileReference; lastKnownFileType = file; path = sourcesans_regular.ttf; sourceTree = "<group>"; };
		DA1908652BE6CCE5003D1F16 /* sourceserif_black.ttf */ = {isa = PBXFileReference; lastKnownFileType = file; path = sourceserif_black.ttf; sourceTree = "<group>"; };
		DA1908662BE6CCE5003D1F16 /* sourceserif_bold.ttf */ = {isa = PBXFileReference; lastKnownFileType = file; path = sourceserif_bold.ttf; sourceTree = "<group>"; };
		DA1908672BE6CCE5003D1F16 /* sourceserif_light.ttf */ = {isa = PBXFileReference; lastKnownFileType = file; path = sourceserif_light.ttf; sourceTree = "<group>"; };
		DA1908682BE6CCE5003D1F16 /* sourceserif_regular.ttf */ = {isa = PBXFileReference; lastKnownFileType = file; path = sourceserif_regular.ttf; sourceTree = "<group>"; };
		DA37995C2C17A3BC0091FC8A /* quotes.csv */ = {isa = PBXFileReference; fileEncoding = 4; lastKnownFileType = text; name = quotes.csv; path = ../../composeApp/src/androidMain/assets/quotes.csv; sourceTree = "<group>"; };
		DAA7B6C62C0B46F300D038BA /* Analytics.swift */ = {isa = PBXFileReference; lastKnownFileType = sourcecode.swift; path = Analytics.swift; sourceTree = "<group>"; };
		DAA7B6C82C0B4EFF00D038BA /* SwiftView.swift */ = {isa = PBXFileReference; lastKnownFileType = sourcecode.swift; path = SwiftView.swift; sourceTree = "<group>"; };
		DAA7B6CA2C0B4F5700D038BA /* AdBannerView.swift */ = {isa = PBXFileReference; lastKnownFileType = sourcecode.swift; path = AdBannerView.swift; sourceTree = "<group>"; };
/* End PBXFileReference section */

/* Begin PBXFrameworksBuildPhase section */
		B92378962B6B1156000C7307 /* Frameworks */ = {
			isa = PBXFrameworksBuildPhase;
			buildActionMask = 2147483647;
			files = (
				DAE5C5842C139D16002BF082 /* GoogleMobileAds in Frameworks */,
				DAE5C57E2C139CA5002BF082 /* AmplitudeSwift in Frameworks */,
				DAE5C5772C139C89002BF082 /* FirebaseAnalyticsSwift in Frameworks */,
				DAE5C5792C139C89002BF082 /* FirebaseCrashlytics in Frameworks */,
				DAE5C57B2C139C89002BF082 /* FirebaseInAppMessagingSwift-Beta in Frameworks */,
			);
			runOnlyForDeploymentPostprocessing = 0;
		};
/* End PBXFrameworksBuildPhase section */

/* Begin PBXGroup section */
		058557D7273AAEEB004C7B11 /* Preview Content */ = {
			isa = PBXGroup;
			children = (
				058557D8273AAEEB004C7B11 /* Preview Assets.xcassets */,
			);
			path = "Preview Content";
			sourceTree = "<group>";
		};
		7555FF72242A565900829871 = {
			isa = PBXGroup;
			children = (
				AB1DB47929225F7C00F7AF9C /* Configuration */,
				7555FF7D242A565900829871 /* iosApp */,
				7555FF7C242A565900829871 /* Products */,
				B021BE99BC256D36C393C65D /* Pods */,
			);
			sourceTree = "<group>";
		};
		7555FF7C242A565900829871 /* Products */ = {
			isa = PBXGroup;
			children = (
				7555FF7B242A565900829871 /* Word.app */,
			);
			name = Products;
			sourceTree = "<group>";
		};
		7555FF7D242A565900829871 /* iosApp */ = {
			isa = PBXGroup;
			children = (
				DA37995C2C17A3BC0091FC8A /* quotes.csv */,
				DA1908692BE6CCE5003D1F16 /* font */,
				058557BA273AAA24004C7B11 /* Assets.xcassets */,
				7555FF82242A565900829871 /* ContentView.swift */,
				7555FF8C242A565B00829871 /* Info.plist */,
				2152FB032600AC8F00CF470E /* iOSApp.swift */,
				058557D7273AAEEB004C7B11 /* Preview Content */,
				DAA7B6C62C0B46F300D038BA /* Analytics.swift */,
				DAA7B6C82C0B4EFF00D038BA /* SwiftView.swift */,
				DAA7B6CA2C0B4F5700D038BA /* AdBannerView.swift */,
			);
			path = iosApp;
			sourceTree = "<group>";
		};
		AB1DB47929225F7C00F7AF9C /* Configuration */ = {
			isa = PBXGroup;
			children = (
				AB3632DC29227652001CCB65 /* Config.xcconfig */,
			);
			path = Configuration;
			sourceTree = "<group>";
		};
		B021BE99BC256D36C393C65D /* Pods */ = {
			isa = PBXGroup;
			children = (
				C33F53EF9253C0722416992F /* Pods-iosApp.debug.xcconfig */,
				3B376FFD696EF89CBEF4485E /* Pods-iosApp.release.xcconfig */,
			);
			path = Pods;
			sourceTree = "<group>";
		};
		DA1908692BE6CCE5003D1F16 /* font */ = {
			isa = PBXGroup;
			children = (
				DA19084B2BE6CCE5003D1F16 /* lato_bold.ttf */,
				DA19084C2BE6CCE5003D1F16 /* lato_medium.ttf */,
				DA19084D2BE6CCE5003D1F16 /* lato_regular.ttf */,
				DA19084E2BE6CCE5003D1F16 /* notosans_light_italic.ttf */,
				DA19084F2BE6CCE5003D1F16 /* notosans_light.ttf */,
				DA1908502BE6CCE5003D1F16 /* notosans_regular.ttf */,
				DA1908512BE6CCE5003D1F16 /* notoserif_black.ttf */,
				DA1908522BE6CCE5003D1F16 /* notoserif_bold.ttf */,
				DA1908532BE6CCE5003D1F16 /* notoserif_light.ttf */,
				DA1908542BE6CCE5003D1F16 /* notoserif_regular.ttf */,
				DA1908552BE6CCE5003D1F16 /* notoserif_semibold.ttf */,
				DA1908562BE6CCE5003D1F16 /* opensans_light_italic.ttf */,
				DA1908572BE6CCE5003D1F16 /* opensans_light.ttf */,
				DA1908582BE6CCE5003D1F16 /* opensans_regular.ttf */,
				DA1908592BE6CCE5003D1F16 /* raleway_black.ttf */,
				DA19085A2BE6CCE5003D1F16 /* raleway_bold.ttf */,
				DA19085B2BE6CCE5003D1F16 /* raleway_light.ttf */,
				DA19085C2BE6CCE5003D1F16 /* raleway_regular.ttf */,
				DA19085D2BE6CCE5003D1F16 /* raleway_semibold.ttf */,
				DA19085E2BE6CCE5003D1F16 /* sourcecodepro_light.ttf */,
				DA19085F2BE6CCE5003D1F16 /* sourcecodepro_medium.ttf */,
				DA1908602BE6CCE5003D1F16 /* sourcecodepro_regular.ttf */,
				DA1908612BE6CCE5003D1F16 /* sourcecodepro_semibold.ttf */,
				DA1908622BE6CCE5003D1F16 /* sourcesans_light_italic.ttf */,
				DA1908632BE6CCE5003D1F16 /* sourcesans_light.ttf */,
				DA1908642BE6CCE5003D1F16 /* sourcesans_regular.ttf */,
				DA1908652BE6CCE5003D1F16 /* sourceserif_black.ttf */,
				DA1908662BE6CCE5003D1F16 /* sourceserif_bold.ttf */,
				DA1908672BE6CCE5003D1F16 /* sourceserif_light.ttf */,
				DA1908682BE6CCE5003D1F16 /* sourceserif_regular.ttf */,
			);
			path = font;
			sourceTree = "<group>";
		};
/* End PBXGroup section */

/* Begin PBXNativeTarget section */
		7555FF7A242A565900829871 /* iosApp */ = {
			isa = PBXNativeTarget;
			buildConfigurationList = 7555FFA5242A565B00829871 /* Build configuration list for PBXNativeTarget "iosApp" */;
			buildPhases = (
				3833B98C2A37834FEBD91C98 /* [CP] Check Pods Manifest.lock */,
				F36B1CEB2AD83DDC00CB74D5 /* Compile Kotlin Framework */,
				7555FF77242A565900829871 /* Sources */,
				B92378962B6B1156000C7307 /* Frameworks */,
				7555FF79242A565900829871 /* Resources */,
			);
			buildRules = (
			);
			dependencies = (
			);
			name = iosApp;
			packageProductDependencies = (
				DAE5C5762C139C89002BF082 /* FirebaseAnalyticsSwift */,
				DAE5C5782C139C89002BF082 /* FirebaseCrashlytics */,
				DAE5C57A2C139C89002BF082 /* FirebaseInAppMessagingSwift-Beta */,
				DAE5C57D2C139CA5002BF082 /* AmplitudeSwift */,
				DAE5C5832C139D16002BF082 /* GoogleMobileAds */,
			);
			productName = iosApp;
			productReference = 7555FF7B242A565900829871 /* Word.app */;
			productType = "com.apple.product-type.application";
		};
/* End PBXNativeTarget section */

/* Begin PBXProject section */
		7555FF73242A565900829871 /* Project object */ = {
			isa = PBXProject;
			attributes = {
				LastSwiftUpdateCheck = 1130;
				LastUpgradeCheck = 1130;
				ORGANIZATIONNAME = orgName;
				TargetAttributes = {
					7555FF7A242A565900829871 = {
						CreatedOnToolsVersion = 11.3.1;
					};
				};
			};
			buildConfigurationList = 7555FF76242A565900829871 /* Build configuration list for PBXProject "iosApp" */;
			compatibilityVersion = "Xcode 12.0";
			developmentRegion = en;
			hasScannedForEncodings = 0;
			knownRegions = (
				en,
				Base,
			);
			mainGroup = 7555FF72242A565900829871;
			packageReferences = (
				DAE5C5752C139C89002BF082 /* XCRemoteSwiftPackageReference "firebase-ios-sdk" */,
				DAE5C57C2C139CA5002BF082 /* XCRemoteSwiftPackageReference "Amplitude-Swift" */,
				DAE5C5822C139D16002BF082 /* XCRemoteSwiftPackageReference "swift-package-manager-google-mobile-ads" */,
			);
			productRefGroup = 7555FF7C242A565900829871 /* Products */;
			projectDirPath = "";
			projectRoot = "";
			targets = (
				7555FF7A242A565900829871 /* iosApp */,
			);
		};
/* End PBXProject section */

/* Begin PBXResourcesBuildPhase section */
		7555FF79242A565900829871 /* Resources */ = {
			isa = PBXResourcesBuildPhase;
			buildActionMask = 2147483647;
			files = (
				DA1908862BE6CCE5003D1F16 /* sourceserif_light.ttf in Resources */,
				DA1908742BE6CCE5003D1F16 /* notoserif_semibold.ttf in Resources */,
				058557D9273AAEEB004C7B11 /* Preview Assets.xcassets in Resources */,
				DA1908752BE6CCE5003D1F16 /* opensans_light_italic.ttf in Resources */,
				DA19087F2BE6CCE5003D1F16 /* sourcecodepro_regular.ttf in Resources */,
				058557BB273AAA24004C7B11 /* Assets.xcassets in Resources */,
				DA19086D2BE6CCE5003D1F16 /* notosans_light_italic.ttf in Resources */,
				DA19087E2BE6CCE5003D1F16 /* sourcecodepro_medium.ttf in Resources */,
				DA19087C2BE6CCE5003D1F16 /* raleway_semibold.ttf in Resources */,
				DA1908732BE6CCE5003D1F16 /* notoserif_regular.ttf in Resources */,
				DA19086A2BE6CCE5003D1F16 /* lato_bold.ttf in Resources */,
				DA1908822BE6CCE5003D1F16 /* sourcesans_light.ttf in Resources */,
				DA1908762BE6CCE5003D1F16 /* opensans_light.ttf in Resources */,
				DA1908812BE6CCE5003D1F16 /* sourcesans_light_italic.ttf in Resources */,
				DA1908872BE6CCE5003D1F16 /* sourceserif_regular.ttf in Resources */,
				DA1908832BE6CCE5003D1F16 /* sourcesans_regular.ttf in Resources */,
				DA1908772BE6CCE5003D1F16 /* opensans_regular.ttf in Resources */,
				DA19086B2BE6CCE5003D1F16 /* lato_medium.ttf in Resources */,
				DA37995D2C17A3BC0091FC8A /* quotes.csv in Resources */,
				DA1908722BE6CCE5003D1F16 /* notoserif_light.ttf in Resources */,
				DA1908792BE6CCE5003D1F16 /* raleway_bold.ttf in Resources */,
				DA1908702BE6CCE5003D1F16 /* notoserif_black.ttf in Resources */,
				DA19086C2BE6CCE5003D1F16 /* lato_regular.ttf in Resources */,
				DA1908802BE6CCE5003D1F16 /* sourcecodepro_semibold.ttf in Resources */,
				DA1908842BE6CCE5003D1F16 /* sourceserif_black.ttf in Resources */,
				DA19087D2BE6CCE5003D1F16 /* sourcecodepro_light.ttf in Resources */,
				DA19086F2BE6CCE5003D1F16 /* notosans_regular.ttf in Resources */,
				DA19086E2BE6CCE5003D1F16 /* notosans_light.ttf in Resources */,
				DA1908782BE6CCE5003D1F16 /* raleway_black.ttf in Resources */,
				DA1908852BE6CCE5003D1F16 /* sourceserif_bold.ttf in Resources */,
				DA19087B2BE6CCE5003D1F16 /* raleway_regular.ttf in Resources */,
				DA1908712BE6CCE5003D1F16 /* notoserif_bold.ttf in Resources */,
				DA19087A2BE6CCE5003D1F16 /* raleway_light.ttf in Resources */,
			);
			runOnlyForDeploymentPostprocessing = 0;
		};
/* End PBXResourcesBuildPhase section */

/* Begin PBXShellScriptBuildPhase section */
		3833B98C2A37834FEBD91C98 /* [CP] Check Pods Manifest.lock */ = {
			isa = PBXShellScriptBuildPhase;
			buildActionMask = 2147483647;
			files = (
			);
			inputFileListPaths = (
			);
			inputPaths = (
				"${PODS_PODFILE_DIR_PATH}/Podfile.lock",
				"${PODS_ROOT}/Manifest.lock",
			);
			name = "[CP] Check Pods Manifest.lock";
			outputFileListPaths = (
			);
			outputPaths = (
				"$(DERIVED_FILE_DIR)/Pods-iosApp-checkManifestLockResult.txt",
			);
			runOnlyForDeploymentPostprocessing = 0;
			shellPath = /bin/sh;
			shellScript = "diff \"${PODS_PODFILE_DIR_PATH}/Podfile.lock\" \"${PODS_ROOT}/Manifest.lock\" > /dev/null\nif [ $? != 0 ] ; then\n    # print error to STDERR\n    echo \"error: The sandbox is not in sync with the Podfile.lock. Run 'pod install' or update your CocoaPods installation.\" >&2\n    exit 1\nfi\n# This output is used by Xcode 'outputs' to avoid re-running this script phase.\necho \"SUCCESS\" > \"${SCRIPT_OUTPUT_FILE_0}\"\n";
			showEnvVarsInLog = 0;
		};
		F36B1CEB2AD83DDC00CB74D5 /* Compile Kotlin Framework */ = {
			isa = PBXShellScriptBuildPhase;
			buildActionMask = 2147483647;
			files = (
			);
			inputFileListPaths = (
			);
			inputPaths = (
			);
			name = "Compile Kotlin Framework";
			outputFileListPaths = (
			);
			outputPaths = (
			);
			runOnlyForDeploymentPostprocessing = 0;
			shellPath = /bin/sh;
			shellScript = "if [ \"YES\" = \"$OVERRIDE_KOTLIN_BUILD_IDE_SUPPORTED\" ]; then\n  echo \"Skipping Gradle build task invocation due to OVERRIDE_KOTLIN_BUILD_IDE_SUPPORTED environment variable set to \\\"YES\\\"\"\n  exit 0\nfi\ncd \"$SRCROOT/..\"\n./gradlew :composeApp:embedAndSignAppleFrameworkForXcode\n";
		};
/* End PBXShellScriptBuildPhase section */

/* Begin PBXSourcesBuildPhase section */
		7555FF77242A565900829871 /* Sources */ = {
			isa = PBXSourcesBuildPhase;
			buildActionMask = 2147483647;
			files = (
				DAA7B6C92C0B4EFF00D038BA /* SwiftView.swift in Sources */,
				DAA7B6CB2C0B4F5700D038BA /* AdBannerView.swift in Sources */,
				2152FB042600AC8F00CF470E /* iOSApp.swift in Sources */,
				7555FF83242A565900829871 /* ContentView.swift in Sources */,
				DAA7B6C72C0B46F300D038BA /* Analytics.swift in Sources */,
			);
			runOnlyForDeploymentPostprocessing = 0;
		};
/* End PBXSourcesBuildPhase section */

/* Begin XCBuildConfiguration section */
		7555FFA3242A565B00829871 /* Debug */ = {
			isa = XCBuildConfiguration;
			baseConfigurationReference = AB3632DC29227652001CCB65 /* Config.xcconfig */;
			buildSettings = {
				ALWAYS_SEARCH_USER_PATHS = NO;
				CLANG_ANALYZER_NONNULL = YES;
				CLANG_ANALYZER_NUMBER_OBJECT_CONVERSION = YES_AGGRESSIVE;
				CLANG_CXX_LANGUAGE_STANDARD = "gnu++14";
				CLANG_CXX_LIBRARY = "libc++";
				CLANG_ENABLE_MODULES = YES;
				CLANG_ENABLE_OBJC_ARC = YES;
				CLANG_ENABLE_OBJC_WEAK = YES;
				CLANG_WARN_BLOCK_CAPTURE_AUTORELEASING = YES;
				CLANG_WARN_BOOL_CONVERSION = YES;
				CLANG_WARN_COMMA = YES;
				CLANG_WARN_CONSTANT_CONVERSION = YES;
				CLANG_WARN_DEPRECATED_OBJC_IMPLEMENTATIONS = YES;
				CLANG_WARN_DIRECT_OBJC_ISA_USAGE = YES_ERROR;
				CLANG_WARN_DOCUMENTATION_COMMENTS = YES;
				CLANG_WARN_EMPTY_BODY = YES;
				CLANG_WARN_ENUM_CONVERSION = YES;
				CLANG_WARN_INFINITE_RECURSION = YES;
				CLANG_WARN_INT_CONVERSION = YES;
				CLANG_WARN_NON_LITERAL_NULL_CONVERSION = YES;
				CLANG_WARN_OBJC_IMPLICIT_RETAIN_SELF = YES;
				CLANG_WARN_OBJC_LITERAL_CONVERSION = YES;
				CLANG_WARN_OBJC_ROOT_CLASS = YES_ERROR;
				CLANG_WARN_QUOTED_INCLUDE_IN_FRAMEWORK_HEADER = YES;
				CLANG_WARN_RANGE_LOOP_ANALYSIS = YES;
				CLANG_WARN_STRICT_PROTOTYPES = YES;
				CLANG_WARN_SUSPICIOUS_MOVE = YES;
				CLANG_WARN_UNGUARDED_AVAILABILITY = YES_AGGRESSIVE;
				CLANG_WARN_UNREACHABLE_CODE = YES;
				CLANG_WARN__DUPLICATE_METHOD_MATCH = YES;
				COPY_PHASE_STRIP = NO;
				DEBUG_INFORMATION_FORMAT = "dwarf-with-dsym";
				ENABLE_STRICT_OBJC_MSGSEND = YES;
				ENABLE_TESTABILITY = YES;
				GCC_C_LANGUAGE_STANDARD = gnu11;
				GCC_DYNAMIC_NO_PIC = NO;
				GCC_NO_COMMON_BLOCKS = YES;
				GCC_OPTIMIZATION_LEVEL = 0;
				GCC_PREPROCESSOR_DEFINITIONS = (
					"DEBUG=1",
					"$(inherited)",
				);
				GCC_WARN_64_TO_32_BIT_CONVERSION = YES;
				GCC_WARN_ABOUT_RETURN_TYPE = YES_ERROR;
				GCC_WARN_UNDECLARED_SELECTOR = YES;
				GCC_WARN_UNINITIALIZED_AUTOS = YES_AGGRESSIVE;
				GCC_WARN_UNUSED_FUNCTION = YES;
				GCC_WARN_UNUSED_VARIABLE = YES;
				IPHONEOS_DEPLOYMENT_TARGET = 17.5;
				MTL_ENABLE_DEBUG_INFO = INCLUDE_SOURCE;
				MTL_FAST_MATH = YES;
				ONLY_ACTIVE_ARCH = YES;
				SDKROOT = iphoneos;
				SWIFT_ACTIVE_COMPILATION_CONDITIONS = DEBUG;
				SWIFT_OPTIMIZATION_LEVEL = "-Onone";
			};
			name = Debug;
		};
		7555FFA4242A565B00829871 /* Release */ = {
			isa = XCBuildConfiguration;
			baseConfigurationReference = AB3632DC29227652001CCB65 /* Config.xcconfig */;
			buildSettings = {
				ALWAYS_SEARCH_USER_PATHS = NO;
				CLANG_ANALYZER_NONNULL = YES;
				CLANG_ANALYZER_NUMBER_OBJECT_CONVERSION = YES_AGGRESSIVE;
				CLANG_CXX_LANGUAGE_STANDARD = "gnu++14";
				CLANG_CXX_LIBRARY = "libc++";
				CLANG_ENABLE_MODULES = YES;
				CLANG_ENABLE_OBJC_ARC = YES;
				CLANG_ENABLE_OBJC_WEAK = YES;
				CLANG_WARN_BLOCK_CAPTURE_AUTORELEASING = YES;
				CLANG_WARN_BOOL_CONVERSION = YES;
				CLANG_WARN_COMMA = YES;
				CLANG_WARN_CONSTANT_CONVERSION = YES;
				CLANG_WARN_DEPRECATED_OBJC_IMPLEMENTATIONS = YES;
				CLANG_WARN_DIRECT_OBJC_ISA_USAGE = YES_ERROR;
				CLANG_WARN_DOCUMENTATION_COMMENTS = YES;
				CLANG_WARN_EMPTY_BODY = YES;
				CLANG_WARN_ENUM_CONVERSION = YES;
				CLANG_WARN_INFINITE_RECURSION = YES;
				CLANG_WARN_INT_CONVERSION = YES;
				CLANG_WARN_NON_LITERAL_NULL_CONVERSION = YES;
				CLANG_WARN_OBJC_IMPLICIT_RETAIN_SELF = YES;
				CLANG_WARN_OBJC_LITERAL_CONVERSION = YES;
				CLANG_WARN_OBJC_ROOT_CLASS = YES_ERROR;
				CLANG_WARN_QUOTED_INCLUDE_IN_FRAMEWORK_HEADER = YES;
				CLANG_WARN_RANGE_LOOP_ANALYSIS = YES;
				CLANG_WARN_STRICT_PROTOTYPES = YES;
				CLANG_WARN_SUSPICIOUS_MOVE = YES;
				CLANG_WARN_UNGUARDED_AVAILABILITY = YES_AGGRESSIVE;
				CLANG_WARN_UNREACHABLE_CODE = YES;
				CLANG_WARN__DUPLICATE_METHOD_MATCH = YES;
				COPY_PHASE_STRIP = NO;
				DEBUG_INFORMATION_FORMAT = "dwarf-with-dsym";
				ENABLE_NS_ASSERTIONS = NO;
				ENABLE_STRICT_OBJC_MSGSEND = YES;
				GCC_C_LANGUAGE_STANDARD = gnu11;
				GCC_NO_COMMON_BLOCKS = YES;
				GCC_WARN_64_TO_32_BIT_CONVERSION = YES;
				GCC_WARN_ABOUT_RETURN_TYPE = YES_ERROR;
				GCC_WARN_UNDECLARED_SELECTOR = YES;
				GCC_WARN_UNINITIALIZED_AUTOS = YES_AGGRESSIVE;
				GCC_WARN_UNUSED_FUNCTION = YES;
				GCC_WARN_UNUSED_VARIABLE = YES;
				IPHONEOS_DEPLOYMENT_TARGET = 17.5;
				MTL_ENABLE_DEBUG_INFO = NO;
				MTL_FAST_MATH = YES;
				SDKROOT = iphoneos;
				SWIFT_COMPILATION_MODE = wholemodule;
				SWIFT_OPTIMIZATION_LEVEL = "-O";
				VALIDATE_PRODUCT = YES;
			};
			name = Release;
		};
		7555FFA6242A565B00829871 /* Debug */ = {
			isa = XCBuildConfiguration;
			baseConfigurationReference = C33F53EF9253C0722416992F /* Pods-iosApp.debug.xcconfig */;
			buildSettings = {
				ASSETCATALOG_COMPILER_APPICON_NAME = AppIcon;
				CODE_SIGN_IDENTITY = "Apple Development";
				CODE_SIGN_STYLE = Automatic;
				DEVELOPMENT_ASSET_PATHS = "\"iosApp/Preview Content\"";
				DEVELOPMENT_TEAM = GE26949KEK;
				ENABLE_PREVIEWS = YES;
				FRAMEWORK_SEARCH_PATHS = (
					"$(SRCROOT)/../shared/build/xcode-frameworks/$(CONFIGURATION)/$(SDK_NAME)\n$(SRCROOT)/../composeApp/build/xcode-frameworks/$(CONFIGURATION)/$(SDK_NAME)",
				);
				INFOPLIST_FILE = iosApp/Info.plist;
				INFOPLIST_KEY_LSApplicationCategoryType = "public.app-category.education";
				IPHONEOS_DEPLOYMENT_TARGET = 15.3;
				LD_RUNPATH_SEARCH_PATHS = (
					"$(inherited)",
					"@executable_path/Frameworks",
				);
				OTHER_LDFLAGS = (
					"$(inherited)",
					"-framework",
					composeApp,
					"-lz",
					"-lsqlite3",
					"-ObjC",
					"\"-Wl,-no_warn_duplicate_libraries\"",
				);
				PRODUCT_BUNDLE_IDENTIFIER = com.usmonie.word.debug;
				PRODUCT_NAME = "${APP_NAME}";
				PROVISIONING_PROFILE_SPECIFIER = "";
				SWIFT_VERSION = 5.0;
				TARGETED_DEVICE_FAMILY = "1,2";
			};
			name = Debug;
		};
		7555FFA7242A565B00829871 /* Release */ = {
			isa = XCBuildConfiguration;
			baseConfigurationReference = 3B376FFD696EF89CBEF4485E /* Pods-iosApp.release.xcconfig */;
			buildSettings = {
				ASSETCATALOG_COMPILER_APPICON_NAME = AppIcon;
				CODE_SIGN_IDENTITY = "Apple Development";
				CODE_SIGN_STYLE = Automatic;
				DEVELOPMENT_ASSET_PATHS = "\"iosApp/Preview Content\"";
				DEVELOPMENT_TEAM = GE26949KEK;
				ENABLE_PREVIEWS = YES;
				FRAMEWORK_SEARCH_PATHS = (
					"$(SRCROOT)/../shared/build/xcode-frameworks/$(CONFIGURATION)/$(SDK_NAME)\n$(SRCROOT)/../composeApp/build/xcode-frameworks/$(CONFIGURATION)/$(SDK_NAME)",
				);
				INFOPLIST_FILE = iosApp/Info.plist;
				INFOPLIST_KEY_LSApplicationCategoryType = "public.app-category.education";
				IPHONEOS_DEPLOYMENT_TARGET = 15.3;
				LD_RUNPATH_SEARCH_PATHS = (
					"$(inherited)",
					"@executable_path/Frameworks",
				);
				OTHER_LDFLAGS = (
					"$(inherited)",
					"-framework",
					composeApp,
					"-lz",
					"-lsqlite3",
					"-ObjC",
					"\"-Wl,-no_warn_duplicate_libraries\"",
				);
				PRODUCT_BUNDLE_IDENTIFIER = com.usmonie.word;
				PRODUCT_NAME = "${APP_NAME}";
				PROVISIONING_PROFILE_SPECIFIER = "";
				SWIFT_VERSION = 5.0;
				TARGETED_DEVICE_FAMILY = "1,2";
			};
			name = Release;
		};
/* End XCBuildConfiguration section */

/* Begin XCConfigurationList section */
		7555FF76242A565900829871 /* Build configuration list for PBXProject "iosApp" */ = {
			isa = XCConfigurationList;
			buildConfigurations = (
				7555FFA3242A565B00829871 /* Debug */,
				7555FFA4242A565B00829871 /* Release */,
			);
			defaultConfigurationIsVisible = 0;
			defaultConfigurationName = Release;
		};
		7555FFA5242A565B00829871 /* Build configuration list for PBXNativeTarget "iosApp" */ = {
			isa = XCConfigurationList;
			buildConfigurations = (
				7555FFA6242A565B00829871 /* Debug */,
				7555FFA7242A565B00829871 /* Release */,
			);
			defaultConfigurationIsVisible = 0;
			defaultConfigurationName = Release;
		};
/* End XCConfigurationList section */

/* Begin XCRemoteSwiftPackageReference section */
		DAE5C5752C139C89002BF082 /* XCRemoteSwiftPackageReference "firebase-ios-sdk" */ = {
			isa = XCRemoteSwiftPackageReference;
			repositoryURL = "https://github.com/firebase/firebase-ios-sdk.git";
			requirement = {
				kind = upToNextMajorVersion;
				minimumVersion = 10.27.0;
			};
		};
		DAE5C57C2C139CA5002BF082 /* XCRemoteSwiftPackageReference "Amplitude-Swift" */ = {
			isa = XCRemoteSwiftPackageReference;
			repositoryURL = "https://github.com/amplitude/Amplitude-Swift";
			requirement = {
				branch = main;
				kind = branch;
			};
		};
		DAE5C5822C139D16002BF082 /* XCRemoteSwiftPackageReference "swift-package-manager-google-mobile-ads" */ = {
			isa = XCRemoteSwiftPackageReference;
			repositoryURL = "https://github.com/googleads/swift-package-manager-google-mobile-ads.git";
			requirement = {
				kind = upToNextMajorVersion;
				minimumVersion = 11.5.0;
			};
		};
/* End XCRemoteSwiftPackageReference section */

/* Begin XCSwiftPackageProductDependency section */
		DAE5C5762C139C89002BF082 /* FirebaseAnalyticsSwift */ = {
			isa = XCSwiftPackageProductDependency;
			package = DAE5C5752C139C89002BF082 /* XCRemoteSwiftPackageReference "firebase-ios-sdk" */;
			productName = FirebaseAnalyticsSwift;
		};
		DAE5C5782C139C89002BF082 /* FirebaseCrashlytics */ = {
			isa = XCSwiftPackageProductDependency;
			package = DAE5C5752C139C89002BF082 /* XCRemoteSwiftPackageReference "firebase-ios-sdk" */;
			productName = FirebaseCrashlytics;
		};
		DAE5C57A2C139C89002BF082 /* FirebaseInAppMessagingSwift-Beta */ = {
			isa = XCSwiftPackageProductDependency;
			package = DAE5C5752C139C89002BF082 /* XCRemoteSwiftPackageReference "firebase-ios-sdk" */;
			productName = "FirebaseInAppMessagingSwift-Beta";
		};
		DAE5C57D2C139CA5002BF082 /* AmplitudeSwift */ = {
			isa = XCSwiftPackageProductDependency;
			package = DAE5C57C2C139CA5002BF082 /* XCRemoteSwiftPackageReference "Amplitude-Swift" */;
			productName = AmplitudeSwift;
		};
		DAE5C5832C139D16002BF082 /* GoogleMobileAds */ = {
			isa = XCSwiftPackageProductDependency;
			package = DAE5C5822C139D16002BF082 /* XCRemoteSwiftPackageReference "swift-package-manager-google-mobile-ads" */;
			productName = GoogleMobileAds;
		};
/* End XCSwiftPackageProductDependency section */
	};
	rootObject = 7555FF73242A565900829871 /* Project object */;
}
