// !$*UTF8*$!
{
	archiveVersion = 1;
	classes = {
	};
	objectVersion = 60;
	objects = {

/* Begin PBXBuildFile section */
		DA1D11802B29F2E200194749 /* AppDelegate.swift in Sources */ = {isa = PBXBuildFile; fileRef = DA1D11782B29F2E200194749 /* AppDelegate.swift */; };
		DA1D11812B29F2E200194749 /* NativeAnalytics.swift in Sources */ = {isa = PBXBuildFile; fileRef = DA1D11792B29F2E200194749 /* NativeAnalytics.swift */; };
		DA1D11822B29F2E200194749 /* AdBannerView.swift in Sources */ = {isa = PBXBuildFile; fileRef = DA1D117A2B29F2E200194749 /* AdBannerView.swift */; };
		DA1D11832B29F2E200194749 /* ContentView.swift in Sources */ = {isa = PBXBuildFile; fileRef = DA1D117B2B29F2E200194749 /* ContentView.swift */; };
		DA1D11842B29F2E200194749 /* WordApp.swift in Sources */ = {isa = PBXBuildFile; fileRef = DA1D117C2B29F2E200194749 /* WordApp.swift */; };
		DA1D11862B29F2E200194749 /* AdInterstitialRewardedView.swift in Sources */ = {isa = PBXBuildFile; fileRef = DA1D117E2B29F2E200194749 /* AdInterstitialRewardedView.swift */; };
		DA2BFEE12BACCCF30082DCD3 /* GoogleService-Info.plist in Resources */ = {isa = PBXBuildFile; fileRef = DA2BFEE02BACCCF30082DCD3 /* GoogleService-Info.plist */; };
		DA2BFEE32BACD3630082DCD3 /* FirebaseCrashlytics in Frameworks */ = {isa = PBXBuildFile; productRef = DA2BFEE22BACD3630082DCD3 /* FirebaseCrashlytics */; };
		DA2BFEE52BACD3630082DCD3 /* FirebaseFunctions in Frameworks */ = {isa = PBXBuildFile; productRef = DA2BFEE42BACD3630082DCD3 /* FirebaseFunctions */; };
		DA2BFEE72BACD3630082DCD3 /* FirebaseFunctionsCombine-Community in Frameworks */ = {isa = PBXBuildFile; productRef = DA2BFEE62BACD3630082DCD3 /* FirebaseFunctionsCombine-Community */; };
		DA2BFEE92BACD3630082DCD3 /* FirebaseStorage in Frameworks */ = {isa = PBXBuildFile; productRef = DA2BFEE82BACD3630082DCD3 /* FirebaseStorage */; };
		DA2BFEEB2BACD3630082DCD3 /* FirebaseStorageCombine-Community in Frameworks */ = {isa = PBXBuildFile; productRef = DA2BFEEA2BACD3630082DCD3 /* FirebaseStorageCombine-Community */; };
		DA54A15C2B8BEC420061143B /* GoogleSignIn in Frameworks */ = {isa = PBXBuildFile; productRef = DA54A15B2B8BEC420061143B /* GoogleSignIn */; };
		DA54A15E2B8BEC420061143B /* GoogleSignInSwift in Frameworks */ = {isa = PBXBuildFile; productRef = DA54A15D2B8BEC420061143B /* GoogleSignInSwift */; };
		DA838B932B40E99F00AA3C13 /* InterstitialAdsManager.swift in Sources */ = {isa = PBXBuildFile; fileRef = DA838B922B40E99F00AA3C13 /* InterstitialAdsManager.swift */; };
		DA99B7862B7E39E50074DB29 /* YandexMobileAdsPackage in Frameworks */ = {isa = PBXBuildFile; productRef = DA99B7852B7E39E50074DB29 /* YandexMobileAdsPackage */; };
		DA99B7882B7E3A8B0074DB29 /* YandexMobileAdsPackage in Frameworks */ = {isa = PBXBuildFile; productRef = DA99B7872B7E3A8B0074DB29 /* YandexMobileAdsPackage */; };
		DAA84F672B5935BB003C228D /* FirebaseAnalytics in Frameworks */ = {isa = PBXBuildFile; productRef = DAA84F662B5935BB003C228D /* FirebaseAnalytics */; };
		DAA84F692B5935BB003C228D /* FirebaseAnalyticsOnDeviceConversion in Frameworks */ = {isa = PBXBuildFile; productRef = DAA84F682B5935BB003C228D /* FirebaseAnalyticsOnDeviceConversion */; };
		DAA84F6B2B5935BB003C228D /* FirebaseAnalyticsSwift in Frameworks */ = {isa = PBXBuildFile; productRef = DAA84F6A2B5935BB003C228D /* FirebaseAnalyticsSwift */; };
		DAA84F6D2B5935BB003C228D /* FirebaseAnalyticsWithoutAdIdSupport in Frameworks */ = {isa = PBXBuildFile; productRef = DAA84F6C2B5935BB003C228D /* FirebaseAnalyticsWithoutAdIdSupport */; };
		DAA84F6F2B5935BB003C228D /* FirebaseAppCheck in Frameworks */ = {isa = PBXBuildFile; productRef = DAA84F6E2B5935BB003C228D /* FirebaseAppCheck */; };
		DAA84F712B5935BB003C228D /* FirebaseAppDistribution-Beta in Frameworks */ = {isa = PBXBuildFile; productRef = DAA84F702B5935BB003C228D /* FirebaseAppDistribution-Beta */; };
		DAA84F732B5935BB003C228D /* FirebaseAuth in Frameworks */ = {isa = PBXBuildFile; productRef = DAA84F722B5935BB003C228D /* FirebaseAuth */; };
		DAA84F752B5935BB003C228D /* FirebaseAuthCombine-Community in Frameworks */ = {isa = PBXBuildFile; productRef = DAA84F742B5935BB003C228D /* FirebaseAuthCombine-Community */; };
		DAA84F772B5935BB003C228D /* FirebaseDatabase in Frameworks */ = {isa = PBXBuildFile; productRef = DAA84F762B5935BB003C228D /* FirebaseDatabase */; };
		DAA84F792B5935BB003C228D /* FirebaseDatabaseSwift in Frameworks */ = {isa = PBXBuildFile; productRef = DAA84F782B5935BB003C228D /* FirebaseDatabaseSwift */; };
		DAA84F7B2B5935BB003C228D /* FirebaseDynamicLinks in Frameworks */ = {isa = PBXBuildFile; productRef = DAA84F7A2B5935BB003C228D /* FirebaseDynamicLinks */; };
		DAA84F7D2B5935BB003C228D /* FirebaseFirestore in Frameworks */ = {isa = PBXBuildFile; productRef = DAA84F7C2B5935BB003C228D /* FirebaseFirestore */; };
		DAA84F7F2B5935BB003C228D /* FirebaseFirestoreCombine-Community in Frameworks */ = {isa = PBXBuildFile; productRef = DAA84F7E2B5935BB003C228D /* FirebaseFirestoreCombine-Community */; };
		DAA84F812B5935BB003C228D /* FirebaseFirestoreSwift in Frameworks */ = {isa = PBXBuildFile; productRef = DAA84F802B5935BB003C228D /* FirebaseFirestoreSwift */; };
		DAA84F872B5935BB003C228D /* FirebaseInAppMessaging-Beta in Frameworks */ = {isa = PBXBuildFile; productRef = DAA84F862B5935BB003C228D /* FirebaseInAppMessaging-Beta */; };
		DAA84F892B5935BB003C228D /* FirebaseInAppMessagingSwift-Beta in Frameworks */ = {isa = PBXBuildFile; productRef = DAA84F882B5935BB003C228D /* FirebaseInAppMessagingSwift-Beta */; };
		DAA84F8B2B5935BB003C228D /* FirebaseInstallations in Frameworks */ = {isa = PBXBuildFile; productRef = DAA84F8A2B5935BB003C228D /* FirebaseInstallations */; };
		DAA84F8D2B5935BB003C228D /* FirebaseMLModelDownloader in Frameworks */ = {isa = PBXBuildFile; productRef = DAA84F8C2B5935BB003C228D /* FirebaseMLModelDownloader */; };
		DAA84F8F2B5935BB003C228D /* FirebaseMessaging in Frameworks */ = {isa = PBXBuildFile; productRef = DAA84F8E2B5935BB003C228D /* FirebaseMessaging */; };
		DAA84F912B5935BB003C228D /* FirebasePerformance in Frameworks */ = {isa = PBXBuildFile; productRef = DAA84F902B5935BB003C228D /* FirebasePerformance */; };
		DAA84F932B5935BB003C228D /* FirebaseRemoteConfig in Frameworks */ = {isa = PBXBuildFile; productRef = DAA84F922B5935BB003C228D /* FirebaseRemoteConfig */; };
		DAA84F952B5935BB003C228D /* FirebaseRemoteConfigSwift in Frameworks */ = {isa = PBXBuildFile; productRef = DAA84F942B5935BB003C228D /* FirebaseRemoteConfigSwift */; };
		DAC2CD482B4A53CA007C5D38 /* AmplitudeSwift in Frameworks */ = {isa = PBXBuildFile; productRef = DAC2CD472B4A53CA007C5D38 /* AmplitudeSwift */; };
		DAD18C092B29E7C500E74100 /* Assets.xcassets in Resources */ = {isa = PBXBuildFile; fileRef = DAD18C082B29E7C500E74100 /* Assets.xcassets */; };
		DAD18C0D2B29E7C500E74100 /* Preview Assets.xcassets in Resources */ = {isa = PBXBuildFile; fileRef = DAD18C0C2B29E7C500E74100 /* Preview Assets.xcassets */; };
		DAD18C232B29E8AF00E74100 /* GoogleMobileAds in Frameworks */ = {isa = PBXBuildFile; productRef = DAD18C222B29E8AF00E74100 /* GoogleMobileAds */; };
		DAD18C262B29E8E600E74100 /* FirebaseAnalytics in Frameworks */ = {isa = PBXBuildFile; productRef = DAD18C252B29E8E600E74100 /* FirebaseAnalytics */; };
		DAD18C282B29E8E600E74100 /* FirebaseAnalyticsOnDeviceConversion in Frameworks */ = {isa = PBXBuildFile; productRef = DAD18C272B29E8E600E74100 /* FirebaseAnalyticsOnDeviceConversion */; };
		DAD18C2A2B29E8E600E74100 /* FirebaseAnalyticsSwift in Frameworks */ = {isa = PBXBuildFile; productRef = DAD18C292B29E8E600E74100 /* FirebaseAnalyticsSwift */; };
		DAD18C2C2B29E8E600E74100 /* FirebaseAnalyticsWithoutAdIdSupport in Frameworks */ = {isa = PBXBuildFile; productRef = DAD18C2B2B29E8E600E74100 /* FirebaseAnalyticsWithoutAdIdSupport */; };
		DAD18C2E2B29E8E600E74100 /* FirebaseAppCheck in Frameworks */ = {isa = PBXBuildFile; productRef = DAD18C2D2B29E8E600E74100 /* FirebaseAppCheck */; };
/* End PBXBuildFile section */

/* Begin PBXFileReference section */
		DA1D11782B29F2E200194749 /* AppDelegate.swift */ = {isa = PBXFileReference; fileEncoding = 4; lastKnownFileType = sourcecode.swift; path = AppDelegate.swift; sourceTree = "<group>"; };
		DA1D11792B29F2E200194749 /* NativeAnalytics.swift */ = {isa = PBXFileReference; fileEncoding = 4; lastKnownFileType = sourcecode.swift; path = NativeAnalytics.swift; sourceTree = "<group>"; };
		DA1D117A2B29F2E200194749 /* AdBannerView.swift */ = {isa = PBXFileReference; fileEncoding = 4; lastKnownFileType = sourcecode.swift; path = AdBannerView.swift; sourceTree = "<group>"; };
		DA1D117B2B29F2E200194749 /* ContentView.swift */ = {isa = PBXFileReference; fileEncoding = 4; lastKnownFileType = sourcecode.swift; path = ContentView.swift; sourceTree = "<group>"; };
		DA1D117C2B29F2E200194749 /* WordApp.swift */ = {isa = PBXFileReference; fileEncoding = 4; lastKnownFileType = sourcecode.swift; path = WordApp.swift; sourceTree = "<group>"; };
		DA1D117E2B29F2E200194749 /* AdInterstitialRewardedView.swift */ = {isa = PBXFileReference; fileEncoding = 4; lastKnownFileType = sourcecode.swift; path = AdInterstitialRewardedView.swift; sourceTree = "<group>"; };
		DA2BFEE02BACCCF30082DCD3 /* GoogleService-Info.plist */ = {isa = PBXFileReference; fileEncoding = 4; lastKnownFileType = text.plist.xml; path = "GoogleService-Info.plist"; sourceTree = "<group>"; };
		DA838B922B40E99F00AA3C13 /* InterstitialAdsManager.swift */ = {isa = PBXFileReference; lastKnownFileType = sourcecode.swift; path = InterstitialAdsManager.swift; sourceTree = "<group>"; };
		DABD2AF52B48D05900FDA09F /* Info.plist */ = {isa = PBXFileReference; fileEncoding = 4; lastKnownFileType = text.plist.xml; path = Info.plist; sourceTree = "<group>"; };
		DAD18C012B29E7C400E74100 /* Word Debug.app */ = {isa = PBXFileReference; explicitFileType = wrapper.application; includeInIndex = 0; path = "Word Debug.app"; sourceTree = BUILT_PRODUCTS_DIR; };
		DAD18C082B29E7C500E74100 /* Assets.xcassets */ = {isa = PBXFileReference; lastKnownFileType = folder.assetcatalog; path = Assets.xcassets; sourceTree = "<group>"; };
		DAD18C0A2B29E7C500E74100 /* word.entitlements */ = {isa = PBXFileReference; lastKnownFileType = text.plist.entitlements; path = word.entitlements; sourceTree = "<group>"; };
		DAD18C0C2B29E7C500E74100 /* Preview Assets.xcassets */ = {isa = PBXFileReference; lastKnownFileType = folder.assetcatalog; path = "Preview Assets.xcassets"; sourceTree = "<group>"; };
/* End PBXFileReference section */

/* Begin PBXFrameworksBuildPhase section */
		DAD18BFE2B29E7C400E74100 /* Frameworks */ = {
			isa = PBXFrameworksBuildPhase;
			buildActionMask = 2147483647;
			files = (
				DAD18C2A2B29E8E600E74100 /* FirebaseAnalyticsSwift in Frameworks */,
				DAD18C2C2B29E8E600E74100 /* FirebaseAnalyticsWithoutAdIdSupport in Frameworks */,
				DAA84F672B5935BB003C228D /* FirebaseAnalytics in Frameworks */,
				DAA84F712B5935BB003C228D /* FirebaseAppDistribution-Beta in Frameworks */,
				DAA84F912B5935BB003C228D /* FirebasePerformance in Frameworks */,
				DAA84F7D2B5935BB003C228D /* FirebaseFirestore in Frameworks */,
				DA2BFEEB2BACD3630082DCD3 /* FirebaseStorageCombine-Community in Frameworks */,
				DA99B7862B7E39E50074DB29 /* YandexMobileAdsPackage in Frameworks */,
				DAA84F752B5935BB003C228D /* FirebaseAuthCombine-Community in Frameworks */,
				DAA84F952B5935BB003C228D /* FirebaseRemoteConfigSwift in Frameworks */,
				DAA84F7B2B5935BB003C228D /* FirebaseDynamicLinks in Frameworks */,
				DA2BFEE92BACD3630082DCD3 /* FirebaseStorage in Frameworks */,
				DAA84F932B5935BB003C228D /* FirebaseRemoteConfig in Frameworks */,
				DA2BFEE72BACD3630082DCD3 /* FirebaseFunctionsCombine-Community in Frameworks */,
				DAD18C262B29E8E600E74100 /* FirebaseAnalytics in Frameworks */,
				DAA84F772B5935BB003C228D /* FirebaseDatabase in Frameworks */,
				DA2BFEE32BACD3630082DCD3 /* FirebaseCrashlytics in Frameworks */,
				DAA84F872B5935BB003C228D /* FirebaseInAppMessaging-Beta in Frameworks */,
				DAA84F732B5935BB003C228D /* FirebaseAuth in Frameworks */,
				DAA84F6F2B5935BB003C228D /* FirebaseAppCheck in Frameworks */,
				DAA84F6D2B5935BB003C228D /* FirebaseAnalyticsWithoutAdIdSupport in Frameworks */,
				DA54A15C2B8BEC420061143B /* GoogleSignIn in Frameworks */,
				DAA84F8B2B5935BB003C228D /* FirebaseInstallations in Frameworks */,
				DAA84F8F2B5935BB003C228D /* FirebaseMessaging in Frameworks */,
				DAA84F6B2B5935BB003C228D /* FirebaseAnalyticsSwift in Frameworks */,
				DA2BFEE52BACD3630082DCD3 /* FirebaseFunctions in Frameworks */,
				DA54A15E2B8BEC420061143B /* GoogleSignInSwift in Frameworks */,
				DAA84F7F2B5935BB003C228D /* FirebaseFirestoreCombine-Community in Frameworks */,
				DAA84F892B5935BB003C228D /* FirebaseInAppMessagingSwift-Beta in Frameworks */,
				DAA84F692B5935BB003C228D /* FirebaseAnalyticsOnDeviceConversion in Frameworks */,
				DAD18C282B29E8E600E74100 /* FirebaseAnalyticsOnDeviceConversion in Frameworks */,
				DAD18C2E2B29E8E600E74100 /* FirebaseAppCheck in Frameworks */,
				DAA84F812B5935BB003C228D /* FirebaseFirestoreSwift in Frameworks */,
				DAA84F792B5935BB003C228D /* FirebaseDatabaseSwift in Frameworks */,
				DAA84F8D2B5935BB003C228D /* FirebaseMLModelDownloader in Frameworks */,
				DAC2CD482B4A53CA007C5D38 /* AmplitudeSwift in Frameworks */,
				DAD18C232B29E8AF00E74100 /* GoogleMobileAds in Frameworks */,
				DA99B7882B7E3A8B0074DB29 /* YandexMobileAdsPackage in Frameworks */,
			);
			runOnlyForDeploymentPostprocessing = 0;
		};
/* End PBXFrameworksBuildPhase section */

/* Begin PBXGroup section */
		DA07D3492B695B2B00CCE2D0 /* Frameworks */ = {
			isa = PBXGroup;
			children = (
			);
			name = Frameworks;
			sourceTree = "<group>";
		};
		DAD18BF82B29E7C400E74100 = {
			isa = PBXGroup;
			children = (
				DAD18C032B29E7C400E74100 /* word */,
				DAD18C022B29E7C400E74100 /* Products */,
				DA07D3492B695B2B00CCE2D0 /* Frameworks */,
			);
			sourceTree = "<group>";
		};
		DAD18C022B29E7C400E74100 /* Products */ = {
			isa = PBXGroup;
			children = (
				DAD18C012B29E7C400E74100 /* Word Debug.app */,
			);
			name = Products;
			sourceTree = "<group>";
		};
		DAD18C032B29E7C400E74100 /* word */ = {
			isa = PBXGroup;
			children = (
				DA2BFEE02BACCCF30082DCD3 /* GoogleService-Info.plist */,
				DABD2AF52B48D05900FDA09F /* Info.plist */,
				DA1D117A2B29F2E200194749 /* AdBannerView.swift */,
				DA1D117E2B29F2E200194749 /* AdInterstitialRewardedView.swift */,
				DA1D11782B29F2E200194749 /* AppDelegate.swift */,
				DA1D117B2B29F2E200194749 /* ContentView.swift */,
				DA1D11792B29F2E200194749 /* NativeAnalytics.swift */,
				DA1D117C2B29F2E200194749 /* WordApp.swift */,
				DAD18C082B29E7C500E74100 /* Assets.xcassets */,
				DAD18C0A2B29E7C500E74100 /* word.entitlements */,
				DAD18C0B2B29E7C500E74100 /* Preview Content */,
				DA838B922B40E99F00AA3C13 /* InterstitialAdsManager.swift */,
			);
			path = word;
			sourceTree = "<group>";
		};
		DAD18C0B2B29E7C500E74100 /* Preview Content */ = {
			isa = PBXGroup;
			children = (
				DAD18C0C2B29E7C500E74100 /* Preview Assets.xcassets */,
			);
			path = "Preview Content";
			sourceTree = "<group>";
		};
/* End PBXGroup section */

/* Begin PBXNativeTarget section */
		DAD18C002B29E7C400E74100 /* word */ = {
			isa = PBXNativeTarget;
			buildConfigurationList = DAD18C102B29E7C500E74100 /* Build configuration list for PBXNativeTarget "word" */;
			buildPhases = (
				DAD18C302B29E95D00E74100 /* ShellScript */,
				DAD18BFD2B29E7C400E74100 /* Sources */,
				DAD18BFF2B29E7C400E74100 /* Resources */,
				DAC2CD492B4BA2C6007C5D38 /* ShellScript */,
				DAD18BFE2B29E7C400E74100 /* Frameworks */,
			);
			buildRules = (
			);
			dependencies = (
			);
			name = word;
			packageProductDependencies = (
				DAD18C222B29E8AF00E74100 /* GoogleMobileAds */,
				DAD18C252B29E8E600E74100 /* FirebaseAnalytics */,
				DAD18C272B29E8E600E74100 /* FirebaseAnalyticsOnDeviceConversion */,
				DAD18C292B29E8E600E74100 /* FirebaseAnalyticsSwift */,
				DAD18C2B2B29E8E600E74100 /* FirebaseAnalyticsWithoutAdIdSupport */,
				DAD18C2D2B29E8E600E74100 /* FirebaseAppCheck */,
				DAC2CD472B4A53CA007C5D38 /* AmplitudeSwift */,
				DAA84F662B5935BB003C228D /* FirebaseAnalytics */,
				DAA84F682B5935BB003C228D /* FirebaseAnalyticsOnDeviceConversion */,
				DAA84F6A2B5935BB003C228D /* FirebaseAnalyticsSwift */,
				DAA84F6C2B5935BB003C228D /* FirebaseAnalyticsWithoutAdIdSupport */,
				DAA84F6E2B5935BB003C228D /* FirebaseAppCheck */,
				DAA84F702B5935BB003C228D /* FirebaseAppDistribution-Beta */,
				DAA84F722B5935BB003C228D /* FirebaseAuth */,
				DAA84F742B5935BB003C228D /* FirebaseAuthCombine-Community */,
				DAA84F762B5935BB003C228D /* FirebaseDatabase */,
				DAA84F782B5935BB003C228D /* FirebaseDatabaseSwift */,
				DAA84F7A2B5935BB003C228D /* FirebaseDynamicLinks */,
				DAA84F7C2B5935BB003C228D /* FirebaseFirestore */,
				DAA84F7E2B5935BB003C228D /* FirebaseFirestoreCombine-Community */,
				DAA84F802B5935BB003C228D /* FirebaseFirestoreSwift */,
				DAA84F862B5935BB003C228D /* FirebaseInAppMessaging-Beta */,
				DAA84F882B5935BB003C228D /* FirebaseInAppMessagingSwift-Beta */,
				DAA84F8A2B5935BB003C228D /* FirebaseInstallations */,
				DAA84F8C2B5935BB003C228D /* FirebaseMLModelDownloader */,
				DAA84F8E2B5935BB003C228D /* FirebaseMessaging */,
				DAA84F902B5935BB003C228D /* FirebasePerformance */,
				DAA84F922B5935BB003C228D /* FirebaseRemoteConfig */,
				DAA84F942B5935BB003C228D /* FirebaseRemoteConfigSwift */,
				DA99B7852B7E39E50074DB29 /* YandexMobileAdsPackage */,
				DA99B7872B7E3A8B0074DB29 /* YandexMobileAdsPackage */,
				DA54A15B2B8BEC420061143B /* GoogleSignIn */,
				DA54A15D2B8BEC420061143B /* GoogleSignInSwift */,
				DA2BFEE22BACD3630082DCD3 /* FirebaseCrashlytics */,
				DA2BFEE42BACD3630082DCD3 /* FirebaseFunctions */,
				DA2BFEE62BACD3630082DCD3 /* FirebaseFunctionsCombine-Community */,
				DA2BFEE82BACD3630082DCD3 /* FirebaseStorage */,
				DA2BFEEA2BACD3630082DCD3 /* FirebaseStorageCombine-Community */,
			);
			productName = word;
			productReference = DAD18C012B29E7C400E74100 /* Word Debug.app */;
			productType = "com.apple.product-type.application";
		};
/* End PBXNativeTarget section */

/* Begin PBXProject section */
		DAD18BF92B29E7C400E74100 /* Project object */ = {
			isa = PBXProject;
			attributes = {
				BuildIndependentTargetsInParallel = 1;
				LastSwiftUpdateCheck = 1510;
				LastUpgradeCheck = 1520;
				TargetAttributes = {
					DAD18C002B29E7C400E74100 = {
						CreatedOnToolsVersion = 15.1;
					};
				};
			};
			buildConfigurationList = DAD18BFC2B29E7C400E74100 /* Build configuration list for PBXProject "word" */;
			compatibilityVersion = "Xcode 15.0";
			developmentRegion = en;
			hasScannedForEncodings = 0;
			knownRegions = (
				en,
				Base,
			);
			mainGroup = DAD18BF82B29E7C400E74100;
			packageReferences = (
				DAD18C212B29E8AF00E74100 /* XCRemoteSwiftPackageReference "swift-package-manager-google-mobile-ads" */,
				DAD18C242B29E8E600E74100 /* XCRemoteSwiftPackageReference "firebase-ios-sdk" */,
				DAC2CD462B4A53CA007C5D38 /* XCRemoteSwiftPackageReference "Amplitude-Swift" */,
				DA99B7842B7E39E50074DB29 /* XCRemoteSwiftPackageReference "yandex-ads-sdk-ios" */,
				DA54A15A2B8BEC420061143B /* XCRemoteSwiftPackageReference "GoogleSignIn-iOS" */,
			);
			productRefGroup = DAD18C022B29E7C400E74100 /* Products */;
			projectDirPath = "";
			projectRoot = "";
			targets = (
				DAD18C002B29E7C400E74100 /* word */,
			);
		};
/* End PBXProject section */

/* Begin PBXResourcesBuildPhase section */
		DAD18BFF2B29E7C400E74100 /* Resources */ = {
			isa = PBXResourcesBuildPhase;
			buildActionMask = 2147483647;
			files = (
				DAD18C0D2B29E7C500E74100 /* Preview Assets.xcassets in Resources */,
				DA2BFEE12BACCCF30082DCD3 /* GoogleService-Info.plist in Resources */,
				DAD18C092B29E7C500E74100 /* Assets.xcassets in Resources */,
			);
			runOnlyForDeploymentPostprocessing = 0;
		};
/* End PBXResourcesBuildPhase section */

/* Begin PBXShellScriptBuildPhase section */
		DAC2CD492B4BA2C6007C5D38 /* ShellScript */ = {
			isa = PBXShellScriptBuildPhase;
			buildActionMask = 2147483647;
			files = (
			);
			inputFileListPaths = (
			);
			inputPaths = (
				"${DWARF_DSYM_FOLDER_PATH}/${DWARF_DSYM_FILE_NAME}",
				"${DWARF_DSYM_FOLDER_PATH}/${DWARF_DSYM_FILE_NAME}/Contents/Resources/DWARF/${PRODUCT_NAME}",
				"${DWARF_DSYM_FOLDER_PATH}/${DWARF_DSYM_FILE_NAME}/Contents/Info.plist",
				"$(TARGET_BUILD_DIR)/$(UNLOCALIZED_RESOURCES_FOLDER_PATH)/GoogleService-Info.plist",
				"$(TARGET_BUILD_DIR)/$(EXECUTABLE_PATH)",
			);
			outputFileListPaths = (
			);
			outputPaths = (
			);
			runOnlyForDeploymentPostprocessing = 0;
			shellPath = /bin/sh;
			shellScript = "
";
		};
		DAD18C302B29E95D00E74100 /* ShellScript */ = {
			isa = PBXShellScriptBuildPhase;
			buildActionMask = 2147483647;
			files = (
			);
			inputFileListPaths = (
			);
			inputPaths = (
			);
			outputFileListPaths = (
			);
			outputPaths = (
			);
			runOnlyForDeploymentPostprocessing = 0;
			shellPath = /bin/sh;
			shellScript = "# Type a script or drag a script file from your workspace to insert its path.\nif [ \"YES\" = \"$OVERRIDE_KOTLIN_BUILD_IDE_SUPPORTED\" ]; then\n  echo \"Skipping Gradle build task invocation due to OVERRIDE_KOTLIN_BUILD_IDE_SUPPORTED environment variable set to \\\"YES\\\"\"\n  exit 0\nfi\ncd \"$SRCROOT/..\"\n./gradlew :composeApp:embedAndSignAppleFrameworkForXcode\n";
		};
/* End PBXShellScriptBuildPhase section */

/* Begin PBXSourcesBuildPhase section */
		DAD18BFD2B29E7C400E74100 /* Sources */ = {
			isa = PBXSourcesBuildPhase;
			buildActionMask = 2147483647;
			files = (
				DA1D11812B29F2E200194749 /* NativeAnalytics.swift in Sources */,
				DA1D11832B29F2E200194749 /* ContentView.swift in Sources */,
				DA838B932B40E99F00AA3C13 /* InterstitialAdsManager.swift in Sources */,
				DA1D11862B29F2E200194749 /* AdInterstitialRewardedView.swift in Sources */,
				DA1D11802B29F2E200194749 /* AppDelegate.swift in Sources */,
				DA1D11822B29F2E200194749 /* AdBannerView.swift in Sources */,
				DA1D11842B29F2E200194749 /* WordApp.swift in Sources */,
			);
			runOnlyForDeploymentPostprocessing = 0;
		};
/* End PBXSourcesBuildPhase section */

/* Begin XCBuildConfiguration section */
		DAD18C0E2B29E7C500E74100 /* Debug */ = {
			isa = XCBuildConfiguration;
			buildSettings = {
				ALWAYS_SEARCH_USER_PATHS = NO;
				ASSETCATALOG_COMPILER_GENERATE_SWIFT_ASSET_SYMBOL_EXTENSIONS = YES;
				CLANG_ANALYZER_NONNULL = YES;
				CLANG_ANALYZER_NUMBER_OBJECT_CONVERSION = YES_AGGRESSIVE;
				CLANG_CXX_LANGUAGE_STANDARD = "gnu++20";
				CLANG_ENABLE_MODULES = YES;
				CLANG_ENABLE_OBJC_ARC = YES;
				CLANG_ENABLE_OBJC_WEAK = YES;
				CLANG_WARN_BLOCK_CAPTURE_AUTORELEASING = YES;
				CLANG_WARN_BOOL_CONVERSION = YES;
				CLANG_WARN_COMMA = YES;
				CLANG_WARN_CONSTANT_CONVERSION = YES;
				CLANG_WARN_DEPRECATED_OBJC_IMPLEMENTATIONS = YES;
				CLANG_WARN_DIRECT_OBJC_ISA_USAGE = YES_ERROR;
				CLANG_WARN_DOCUMENTATION_COMMENTS = YES;
				CLANG_WARN_EMPTY_BODY = YES;
				CLANG_WARN_ENUM_CONVERSION = YES;
				CLANG_WARN_INFINITE_RECURSION = YES;
				CLANG_WARN_INT_CONVERSION = YES;
				CLANG_WARN_NON_LITERAL_NULL_CONVERSION = YES;
				CLANG_WARN_OBJC_IMPLICIT_RETAIN_SELF = YES;
				CLANG_WARN_OBJC_LITERAL_CONVERSION = YES;
				CLANG_WARN_OBJC_ROOT_CLASS = YES_ERROR;
				CLANG_WARN_QUOTED_INCLUDE_IN_FRAMEWORK_HEADER = YES;
				CLANG_WARN_RANGE_LOOP_ANALYSIS = YES;
				CLANG_WARN_STRICT_PROTOTYPES = YES;
				CLANG_WARN_SUSPICIOUS_MOVE = YES;
				CLANG_WARN_UNGUARDED_AVAILABILITY = YES_AGGRESSIVE;
				CLANG_WARN_UNREACHABLE_CODE = YES;
				CLANG_WARN__DUPLICATE_METHOD_MATCH = YES;
				COPY_PHASE_STRIP = NO;
				DEAD_CODE_STRIPPING = YES;
				DEBUG_INFORMATION_FORMAT = dwarf;
				ENABLE_STRICT_OBJC_MSGSEND = YES;
				ENABLE_TESTABILITY = YES;
				ENABLE_USER_SCRIPT_SANDBOXING = YES;
				GCC_C_LANGUAGE_STANDARD = gnu17;
				GCC_DYNAMIC_NO_PIC = NO;
				GCC_NO_COMMON_BLOCKS = YES;
				GCC_OPTIMIZATION_LEVEL = 0;
				GCC_PREPROCESSOR_DEFINITIONS = (
					"DEBUG=1",
					"$(inherited)",
				);
				GCC_WARN_64_TO_32_BIT_CONVERSION = YES;
				GCC_WARN_ABOUT_RETURN_TYPE = YES_ERROR;
				GCC_WARN_UNDECLARED_SELECTOR = YES;
				GCC_WARN_UNINITIALIZED_AUTOS = YES_AGGRESSIVE;
				GCC_WARN_UNUSED_FUNCTION = YES;
				GCC_WARN_UNUSED_VARIABLE = YES;
				LOCALIZATION_PREFERS_STRING_CATALOGS = YES;
				MTL_ENABLE_DEBUG_INFO = INCLUDE_SOURCE;
				MTL_FAST_MATH = YES;
				ONLY_ACTIVE_ARCH = YES;
				SWIFT_ACTIVE_COMPILATION_CONDITIONS = "DEBUG $(inherited)";
				SWIFT_OPTIMIZATION_LEVEL = "-Onone";
			};
			name = Debug;
		};
		DAD18C0F2B29E7C500E74100 /* Release */ = {
			isa = XCBuildConfiguration;
			buildSettings = {
				ALWAYS_SEARCH_USER_PATHS = NO;
				ASSETCATALOG_COMPILER_GENERATE_SWIFT_ASSET_SYMBOL_EXTENSIONS = YES;
				CLANG_ANALYZER_NONNULL = YES;
				CLANG_ANALYZER_NUMBER_OBJECT_CONVERSION = YES_AGGRESSIVE;
				CLANG_CXX_LANGUAGE_STANDARD = "gnu++20";
				CLANG_ENABLE_MODULES = YES;
				CLANG_ENABLE_OBJC_ARC = YES;
				CLANG_ENABLE_OBJC_WEAK = YES;
				CLANG_WARN_BLOCK_CAPTURE_AUTORELEASING = YES;
				CLANG_WARN_BOOL_CONVERSION = YES;
				CLANG_WARN_COMMA = YES;
				CLANG_WARN_CONSTANT_CONVERSION = YES;
				CLANG_WARN_DEPRECATED_OBJC_IMPLEMENTATIONS = YES;
				CLANG_WARN_DIRECT_OBJC_ISA_USAGE = YES_ERROR;
				CLANG_WARN_DOCUMENTATION_COMMENTS = YES;
				CLANG_WARN_EMPTY_BODY = YES;
				CLANG_WARN_ENUM_CONVERSION = YES;
				CLANG_WARN_INFINITE_RECURSION = YES;
				CLANG_WARN_INT_CONVERSION = YES;
				CLANG_WARN_NON_LITERAL_NULL_CONVERSION = YES;
				CLANG_WARN_OBJC_IMPLICIT_RETAIN_SELF = YES;
				CLANG_WARN_OBJC_LITERAL_CONVERSION = YES;
				CLANG_WARN_OBJC_ROOT_CLASS = YES_ERROR;
				CLANG_WARN_QUOTED_INCLUDE_IN_FRAMEWORK_HEADER = YES;
				CLANG_WARN_RANGE_LOOP_ANALYSIS = YES;
				CLANG_WARN_STRICT_PROTOTYPES = YES;
				CLANG_WARN_SUSPICIOUS_MOVE = YES;
				CLANG_WARN_UNGUARDED_AVAILABILITY = YES_AGGRESSIVE;
				CLANG_WARN_UNREACHABLE_CODE = YES;
				CLANG_WARN__DUPLICATE_METHOD_MATCH = YES;
				COPY_PHASE_STRIP = NO;
				DEAD_CODE_STRIPPING = YES;
				DEBUG_INFORMATION_FORMAT = "dwarf-with-dsym";
				ENABLE_NS_ASSERTIONS = NO;
				ENABLE_STRICT_OBJC_MSGSEND = YES;
				ENABLE_USER_SCRIPT_SANDBOXING = YES;
				GCC_C_LANGUAGE_STANDARD = gnu17;
				GCC_NO_COMMON_BLOCKS = YES;
				GCC_WARN_64_TO_32_BIT_CONVERSION = YES;
				GCC_WARN_ABOUT_RETURN_TYPE = YES_ERROR;
				GCC_WARN_UNDECLARED_SELECTOR = YES;
				GCC_WARN_UNINITIALIZED_AUTOS = YES_AGGRESSIVE;
				GCC_WARN_UNUSED_FUNCTION = YES;
				GCC_WARN_UNUSED_VARIABLE = YES;
				LOCALIZATION_PREFERS_STRING_CATALOGS = YES;
				MTL_ENABLE_DEBUG_INFO = NO;
				MTL_FAST_MATH = YES;
				SWIFT_COMPILATION_MODE = wholemodule;
			};
			name = Release;
		};
		DAD18C112B29E7C500E74100 /* Debug */ = {
			isa = XCBuildConfiguration;
			buildSettings = {
				ASSETCATALOG_COMPILER_APPICON_NAME = AppIcon;
				ASSETCATALOG_COMPILER_GLOBAL_ACCENT_COLOR_NAME = AccentColor;
				ASSETCATALOG_COMPILER_INCLUDE_ALL_APPICON_ASSETS = YES;
				CODE_SIGN_ENTITLEMENTS = word/word.entitlements;
				CODE_SIGN_STYLE = Automatic;
				CURRENT_PROJECT_VERSION = 15;
				DEAD_CODE_STRIPPING = YES;
				DEVELOPMENT_ASSET_PATHS = "\"word/Preview Content\"";
				DEVELOPMENT_TEAM = GE26949KEK;
				ENABLE_HARDENED_RUNTIME = YES;
				ENABLE_PREVIEWS = YES;
				ENABLE_USER_SCRIPT_SANDBOXING = NO;
				FRAMEWORK_SEARCH_PATHS = (
					"$(SRCROOT)/../composeApp/build/xcode-frameworks/$(CONFIGURATION)/$(SDK_NAME)",
					"$(SRCROOT)/../core/design/build/xcode-frameworks/$(CONFIGURATION)/$(SDK_NAME)",
				);
				GENERATE_INFOPLIST_FILE = NO;
				INFOPLIST_FILE = /Users/usmanakhmedov/StudioProjects/Word/word/word/Info.plist;
				INFOPLIST_KEY_CFBundleDisplayName = "Word — Debug";
				INFOPLIST_KEY_LSApplicationCategoryType = "public.app-category.education";
				"INFOPLIST_KEY_UIApplicationSceneManifest_Generation[sdk=iphoneos*]" = YES;
				"INFOPLIST_KEY_UIApplicationSceneManifest_Generation[sdk=iphonesimulator*]" = YES;
				"INFOPLIST_KEY_UIApplicationSupportsIndirectInputEvents[sdk=iphoneos*]" = YES;
				"INFOPLIST_KEY_UIApplicationSupportsIndirectInputEvents[sdk=iphonesimulator*]" = YES;
				"INFOPLIST_KEY_UILaunchScreen_Generation[sdk=iphoneos*]" = YES;
				"INFOPLIST_KEY_UILaunchScreen_Generation[sdk=iphonesimulator*]" = YES;
				"INFOPLIST_KEY_UIStatusBarStyle[sdk=iphoneos*]" = UIStatusBarStyleDefault;
				"INFOPLIST_KEY_UIStatusBarStyle[sdk=iphonesimulator*]" = UIStatusBarStyleDefault;
				INFOPLIST_KEY_UISupportedInterfaceOrientations_iPad = "UIInterfaceOrientationPortrait UIInterfaceOrientationPortraitUpsideDown UIInterfaceOrientationLandscapeLeft UIInterfaceOrientationLandscapeRight";
				INFOPLIST_KEY_UISupportedInterfaceOrientations_iPhone = "UIInterfaceOrientationPortrait UIInterfaceOrientationLandscapeLeft UIInterfaceOrientationLandscapeRight";
				IPHONEOS_DEPLOYMENT_TARGET = 15;
				LD_RUNPATH_SEARCH_PATHS = "@executable_path/Frameworks";
				"LD_RUNPATH_SEARCH_PATHS[sdk=macosx*]" = "@executable_path/../Frameworks";
				MACOSX_DEPLOYMENT_TARGET = 12.0;
				MARKETING_VERSION = 1.1.0;
				ONLY_ACTIVE_ARCH = YES;
				OTHER_LDFLAGS = (
					"$(inherited)",
					"-framework",
					composeApp,
					"-lz",
					"-lsqlite3",
					"-ObjC",
					"\"-Wl,-no_warn_duplicate_libraries\"",
				);
				PRODUCT_BUNDLE_IDENTIFIER = com.usmonie.word.debug;
				PRODUCT_NAME = "Word Debug";
				SDKROOT = auto;
				SUPPORTED_PLATFORMS = "iphoneos iphonesimulator";
				SUPPORTS_MACCATALYST = NO;
				SUPPORTS_MAC_DESIGNED_FOR_IPHONE_IPAD = YES;
				SWIFT_EMIT_LOC_STRINGS = YES;
				SWIFT_VERSION = 5.0;
				TARGETED_DEVICE_FAMILY = "1,2";
			};
			name = Debug;
		};
		DAD18C122B29E7C500E74100 /* Release */ = {
			isa = XCBuildConfiguration;
			buildSettings = {
				ASSETCATALOG_COMPILER_APPICON_NAME = AppIcon;
				ASSETCATALOG_COMPILER_GLOBAL_ACCENT_COLOR_NAME = AccentColor;
				ASSETCATALOG_COMPILER_INCLUDE_ALL_APPICON_ASSETS = YES;
				CODE_SIGN_ENTITLEMENTS = word/word.entitlements;
				CODE_SIGN_STYLE = Automatic;
				CURRENT_PROJECT_VERSION = 15;
				DEAD_CODE_STRIPPING = YES;
				DEVELOPMENT_ASSET_PATHS = "\"word/Preview Content\"";
				DEVELOPMENT_TEAM = GE26949KEK;
				ENABLE_HARDENED_RUNTIME = YES;
				ENABLE_PREVIEWS = YES;
				ENABLE_USER_SCRIPT_SANDBOXING = NO;
				FRAMEWORK_SEARCH_PATHS = (
					"$(SRCROOT)/../composeApp/build/xcode-frameworks/$(CONFIGURATION)/$(SDK_NAME)",
					"$(SRCROOT)/../core/design/build/xcode-frameworks/$(CONFIGURATION)/$(SDK_NAME)",
				);
				GENERATE_INFOPLIST_FILE = NO;
				INFOPLIST_FILE = /Users/usmanakhmedov/StudioProjects/Word/word/word/Info.plist;
				INFOPLIST_KEY_CFBundleDisplayName = Word;
				INFOPLIST_KEY_LSApplicationCategoryType = "public.app-category.education";
				"INFOPLIST_KEY_UIApplicationSceneManifest_Generation[sdk=iphoneos*]" = YES;
				"INFOPLIST_KEY_UIApplicationSceneManifest_Generation[sdk=iphonesimulator*]" = YES;
				"INFOPLIST_KEY_UIApplicationSupportsIndirectInputEvents[sdk=iphoneos*]" = YES;
				"INFOPLIST_KEY_UIApplicationSupportsIndirectInputEvents[sdk=iphonesimulator*]" = YES;
				"INFOPLIST_KEY_UILaunchScreen_Generation[sdk=iphoneos*]" = YES;
				"INFOPLIST_KEY_UILaunchScreen_Generation[sdk=iphonesimulator*]" = YES;
				"INFOPLIST_KEY_UIStatusBarStyle[sdk=iphoneos*]" = UIStatusBarStyleDefault;
				"INFOPLIST_KEY_UIStatusBarStyle[sdk=iphonesimulator*]" = UIStatusBarStyleDefault;
				INFOPLIST_KEY_UISupportedInterfaceOrientations_iPad = "UIInterfaceOrientationPortrait UIInterfaceOrientationPortraitUpsideDown UIInterfaceOrientationLandscapeLeft UIInterfaceOrientationLandscapeRight";
				INFOPLIST_KEY_UISupportedInterfaceOrientations_iPhone = "UIInterfaceOrientationPortrait UIInterfaceOrientationLandscapeLeft UIInterfaceOrientationLandscapeRight";
				IPHONEOS_DEPLOYMENT_TARGET = 15;
				LD_RUNPATH_SEARCH_PATHS = "@executable_path/Frameworks";
				"LD_RUNPATH_SEARCH_PATHS[sdk=macosx*]" = "@executable_path/../Frameworks";
				MACOSX_DEPLOYMENT_TARGET = 12.0;
				MARKETING_VERSION = 1.1.0;
				OTHER_LDFLAGS = (
					"$(inherited)",
					"-framework",
					composeApp,
					"-lz",
					"-lsqlite3",
					"-ObjC",
					"\"-Wl,-no_warn_duplicate_libraries\"",
				);
				PRODUCT_BUNDLE_IDENTIFIER = com.usmonie.word;
				PRODUCT_NAME = Word;
				SDKROOT = auto;
				SUPPORTED_PLATFORMS = "iphoneos iphonesimulator";
				SUPPORTS_MACCATALYST = NO;
				SUPPORTS_MAC_DESIGNED_FOR_IPHONE_IPAD = YES;
				SWIFT_EMIT_LOC_STRINGS = YES;
				SWIFT_VERSION = 5.0;
				TARGETED_DEVICE_FAMILY = "1,2";
			};
			name = Release;
		};
/* End XCBuildConfiguration section */

/* Begin XCConfigurationList section */
		DAD18BFC2B29E7C400E74100 /* Build configuration list for PBXProject "word" */ = {
			isa = XCConfigurationList;
			buildConfigurations = (
				DAD18C0E2B29E7C500E74100 /* Debug */,
				DAD18C0F2B29E7C500E74100 /* Release */,
			);
			defaultConfigurationIsVisible = 0;
			defaultConfigurationName = Release;
		};
		DAD18C102B29E7C500E74100 /* Build configuration list for PBXNativeTarget "word" */ = {
			isa = XCConfigurationList;
			buildConfigurations = (
				DAD18C112B29E7C500E74100 /* Debug */,
				DAD18C122B29E7C500E74100 /* Release */,
			);
			defaultConfigurationIsVisible = 0;
			defaultConfigurationName = Release;
		};
/* End XCConfigurationList section */

/* Begin XCRemoteSwiftPackageReference section */
		DA54A15A2B8BEC420061143B /* XCRemoteSwiftPackageReference "GoogleSignIn-iOS" */ = {
			isa = XCRemoteSwiftPackageReference;
			repositoryURL = "https://github.com/google/GoogleSignIn-iOS";
			requirement = {
				kind = upToNextMinorVersion;
				minimumVersion = 7.0.0;
			};
		};
		DA99B7842B7E39E50074DB29 /* XCRemoteSwiftPackageReference "yandex-ads-sdk-ios" */ = {
			isa = XCRemoteSwiftPackageReference;
			repositoryURL = "https://github.com/yandexmobile/yandex-ads-sdk-ios";
			requirement = {
				kind = upToNextMajorVersion;
				minimumVersion = 6.4.0;
			};
		};
		DAC2CD462B4A53CA007C5D38 /* XCRemoteSwiftPackageReference "Amplitude-Swift" */ = {
			isa = XCRemoteSwiftPackageReference;
			repositoryURL = "https://github.com/amplitude/Amplitude-Swift";
			requirement = {
				branch = main;
				kind = branch;
			};
		};
		DAD18C212B29E8AF00E74100 /* XCRemoteSwiftPackageReference "swift-package-manager-google-mobile-ads" */ = {
			isa = XCRemoteSwiftPackageReference;
			repositoryURL = "https://github.com/googleads/swift-package-manager-google-mobile-ads.git";
			requirement = {
				kind = upToNextMajorVersion;
				minimumVersion = 10.14.0;
			};
		};
		DAD18C242B29E8E600E74100 /* XCRemoteSwiftPackageReference "firebase-ios-sdk" */ = {
			isa = XCRemoteSwiftPackageReference;
			repositoryURL = "https://github.com/firebase/firebase-ios-sdk";
			requirement = {
				kind = upToNextMajorVersion;
				minimumVersion = 10.19.0;
			};
		};
/* End XCRemoteSwiftPackageReference section */

/* Begin XCSwiftPackageProductDependency section */
		DA2BFEE22BACD3630082DCD3 /* FirebaseCrashlytics */ = {
			isa = XCSwiftPackageProductDependency;
			productName = FirebaseCrashlytics;
		};
		DA2BFEE42BACD3630082DCD3 /* FirebaseFunctions */ = {
			isa = XCSwiftPackageProductDependency;
			productName = FirebaseFunctions;
		};
		DA2BFEE62BACD3630082DCD3 /* FirebaseFunctionsCombine-Community */ = {
			isa = XCSwiftPackageProductDependency;
			productName = "FirebaseFunctionsCombine-Community";
		};
		DA2BFEE82BACD3630082DCD3 /* FirebaseStorage */ = {
			isa = XCSwiftPackageProductDependency;
			productName = FirebaseStorage;
		};
		DA2BFEEA2BACD3630082DCD3 /* FirebaseStorageCombine-Community */ = {
			isa = XCSwiftPackageProductDependency;
			productName = "FirebaseStorageCombine-Community";
		};
		DA54A15B2B8BEC420061143B /* GoogleSignIn */ = {
			isa = XCSwiftPackageProductDependency;
			package = DA54A15A2B8BEC420061143B /* XCRemoteSwiftPackageReference "GoogleSignIn-iOS" */;
			productName = GoogleSignIn;
		};
		DA54A15D2B8BEC420061143B /* GoogleSignInSwift */ = {
			isa = XCSwiftPackageProductDependency;
			package = DA54A15A2B8BEC420061143B /* XCRemoteSwiftPackageReference "GoogleSignIn-iOS" */;
			productName = GoogleSignInSwift;
		};
		DA99B7852B7E39E50074DB29 /* YandexMobileAdsPackage */ = {
			isa = XCSwiftPackageProductDependency;
			package = DA99B7842B7E39E50074DB29 /* XCRemoteSwiftPackageReference "yandex-ads-sdk-ios" */;
			productName = YandexMobileAdsPackage;
		};
		DA99B7872B7E3A8B0074DB29 /* YandexMobileAdsPackage */ = {
			isa = XCSwiftPackageProductDependency;
			package = DA99B7842B7E39E50074DB29 /* XCRemoteSwiftPackageReference "yandex-ads-sdk-ios" */;
			productName = YandexMobileAdsPackage;
		};
		DAA84F662B5935BB003C228D /* FirebaseAnalytics */ = {
			isa = XCSwiftPackageProductDependency;
			package = DAD18C242B29E8E600E74100 /* XCRemoteSwiftPackageReference "firebase-ios-sdk" */;
			productName = FirebaseAnalytics;
		};
		DAA84F682B5935BB003C228D /* FirebaseAnalyticsOnDeviceConversion */ = {
			isa = XCSwiftPackageProductDependency;
			package = DAD18C242B29E8E600E74100 /* XCRemoteSwiftPackageReference "firebase-ios-sdk" */;
			productName = FirebaseAnalyticsOnDeviceConversion;
		};
		DAA84F6A2B5935BB003C228D /* FirebaseAnalyticsSwift */ = {
			isa = XCSwiftPackageProductDependency;
			package = DAD18C242B29E8E600E74100 /* XCRemoteSwiftPackageReference "firebase-ios-sdk" */;
			productName = FirebaseAnalyticsSwift;
		};
		DAA84F6C2B5935BB003C228D /* FirebaseAnalyticsWithoutAdIdSupport */ = {
			isa = XCSwiftPackageProductDependency;
			package = DAD18C242B29E8E600E74100 /* XCRemoteSwiftPackageReference "firebase-ios-sdk" */;
			productName = FirebaseAnalyticsWithoutAdIdSupport;
		};
		DAA84F6E2B5935BB003C228D /* FirebaseAppCheck */ = {
			isa = XCSwiftPackageProductDependency;
			package = DAD18C242B29E8E600E74100 /* XCRemoteSwiftPackageReference "firebase-ios-sdk" */;
			productName = FirebaseAppCheck;
		};
		DAA84F702B5935BB003C228D /* FirebaseAppDistribution-Beta */ = {
			isa = XCSwiftPackageProductDependency;
			package = DAD18C242B29E8E600E74100 /* XCRemoteSwiftPackageReference "firebase-ios-sdk" */;
			productName = "FirebaseAppDistribution-Beta";
		};
		DAA84F722B5935BB003C228D /* FirebaseAuth */ = {
			isa = XCSwiftPackageProductDependency;
			package = DAD18C242B29E8E600E74100 /* XCRemoteSwiftPackageReference "firebase-ios-sdk" */;
			productName = FirebaseAuth;
		};
		DAA84F742B5935BB003C228D /* FirebaseAuthCombine-Community */ = {
			isa = XCSwiftPackageProductDependency;
			package = DAD18C242B29E8E600E74100 /* XCRemoteSwiftPackageReference "firebase-ios-sdk" */;
			productName = "FirebaseAuthCombine-Community";
		};
		DAA84F762B5935BB003C228D /* FirebaseDatabase */ = {
			isa = XCSwiftPackageProductDependency;
			package = DAD18C242B29E8E600E74100 /* XCRemoteSwiftPackageReference "firebase-ios-sdk" */;
			productName = FirebaseDatabase;
		};
		DAA84F782B5935BB003C228D /* FirebaseDatabaseSwift */ = {
			isa = XCSwiftPackageProductDependency;
			package = DAD18C242B29E8E600E74100 /* XCRemoteSwiftPackageReference "firebase-ios-sdk" */;
			productName = FirebaseDatabaseSwift;
		};
		DAA84F7A2B5935BB003C228D /* FirebaseDynamicLinks */ = {
			isa = XCSwiftPackageProductDependency;
			package = DAD18C242B29E8E600E74100 /* XCRemoteSwiftPackageReference "firebase-ios-sdk" */;
			productName = FirebaseDynamicLinks;
		};
		DAA84F7C2B5935BB003C228D /* FirebaseFirestore */ = {
			isa = XCSwiftPackageProductDependency;
			package = DAD18C242B29E8E600E74100 /* XCRemoteSwiftPackageReference "firebase-ios-sdk" */;
			productName = FirebaseFirestore;
		};
		DAA84F7E2B5935BB003C228D /* FirebaseFirestoreCombine-Community */ = {
			isa = XCSwiftPackageProductDependency;
			package = DAD18C242B29E8E600E74100 /* XCRemoteSwiftPackageReference "firebase-ios-sdk" */;
			productName = "FirebaseFirestoreCombine-Community";
		};
		DAA84F802B5935BB003C228D /* FirebaseFirestoreSwift */ = {
			isa = XCSwiftPackageProductDependency;
			package = DAD18C242B29E8E600E74100 /* XCRemoteSwiftPackageReference "firebase-ios-sdk" */;
			productName = FirebaseFirestoreSwift;
		};
		DAA84F862B5935BB003C228D /* FirebaseInAppMessaging-Beta */ = {
			isa = XCSwiftPackageProductDependency;
			package = DAD18C242B29E8E600E74100 /* XCRemoteSwiftPackageReference "firebase-ios-sdk" */;
			productName = "FirebaseInAppMessaging-Beta";
		};
		DAA84F882B5935BB003C228D /* FirebaseInAppMessagingSwift-Beta */ = {
			isa = XCSwiftPackageProductDependency;
			package = DAD18C242B29E8E600E74100 /* XCRemoteSwiftPackageReference "firebase-ios-sdk" */;
			productName = "FirebaseInAppMessagingSwift-Beta";
		};
		DAA84F8A2B5935BB003C228D /* FirebaseInstallations */ = {
			isa = XCSwiftPackageProductDependency;
			package = DAD18C242B29E8E600E74100 /* XCRemoteSwiftPackageReference "firebase-ios-sdk" */;
			productName = FirebaseInstallations;
		};
		DAA84F8C2B5935BB003C228D /* FirebaseMLModelDownloader */ = {
			isa = XCSwiftPackageProductDependency;
			package = DAD18C242B29E8E600E74100 /* XCRemoteSwiftPackageReference "firebase-ios-sdk" */;
			productName = FirebaseMLModelDownloader;
		};
		DAA84F8E2B5935BB003C228D /* FirebaseMessaging */ = {
			isa = XCSwiftPackageProductDependency;
			package = DAD18C242B29E8E600E74100 /* XCRemoteSwiftPackageReference "firebase-ios-sdk" */;
			productName = FirebaseMessaging;
		};
		DAA84F902B5935BB003C228D /* FirebasePerformance */ = {
			isa = XCSwiftPackageProductDependency;
			package = DAD18C242B29E8E600E74100 /* XCRemoteSwiftPackageReference "firebase-ios-sdk" */;
			productName = FirebasePerformance;
		};
		DAA84F922B5935BB003C228D /* FirebaseRemoteConfig */ = {
			isa = XCSwiftPackageProductDependency;
			package = DAD18C242B29E8E600E74100 /* XCRemoteSwiftPackageReference "firebase-ios-sdk" */;
			productName = FirebaseRemoteConfig;
		};
		DAA84F942B5935BB003C228D /* FirebaseRemoteConfigSwift */ = {
			isa = XCSwiftPackageProductDependency;
			package = DAD18C242B29E8E600E74100 /* XCRemoteSwiftPackageReference "firebase-ios-sdk" */;
			productName = FirebaseRemoteConfigSwift;
		};
		DAC2CD472B4A53CA007C5D38 /* AmplitudeSwift */ = {
			isa = XCSwiftPackageProductDependency;
			package = DAC2CD462B4A53CA007C5D38 /* XCRemoteSwiftPackageReference "Amplitude-Swift" */;
			productName = AmplitudeSwift;
		};
		DAD18C222B29E8AF00E74100 /* GoogleMobileAds */ = {
			isa = XCSwiftPackageProductDependency;
			package = DAD18C212B29E8AF00E74100 /* XCRemoteSwiftPackageReference "swift-package-manager-google-mobile-ads" */;
			productName = GoogleMobileAds;
		};
		DAD18C252B29E8E600E74100 /* FirebaseAnalytics */ = {
			isa = XCSwiftPackageProductDependency;
			package = DAD18C242B29E8E600E74100 /* XCRemoteSwiftPackageReference "firebase-ios-sdk" */;
			productName = FirebaseAnalytics;
		};
		DAD18C272B29E8E600E74100 /* FirebaseAnalyticsOnDeviceConversion */ = {
			isa = XCSwiftPackageProductDependency;
			package = DAD18C242B29E8E600E74100 /* XCRemoteSwiftPackageReference "firebase-ios-sdk" */;
			productName = FirebaseAnalyticsOnDeviceConversion;
		};
		DAD18C292B29E8E600E74100 /* FirebaseAnalyticsSwift */ = {
			isa = XCSwiftPackageProductDependency;
			package = DAD18C242B29E8E600E74100 /* XCRemoteSwiftPackageReference "firebase-ios-sdk" */;
			productName = FirebaseAnalyticsSwift;
		};
		DAD18C2B2B29E8E600E74100 /* FirebaseAnalyticsWithoutAdIdSupport */ = {
			isa = XCSwiftPackageProductDependency;
			package = DAD18C242B29E8E600E74100 /* XCRemoteSwiftPackageReference "firebase-ios-sdk" */;
			productName = FirebaseAnalyticsWithoutAdIdSupport;
		};
		DAD18C2D2B29E8E600E74100 /* FirebaseAppCheck */ = {
			isa = XCSwiftPackageProductDependency;
			package = DAD18C242B29E8E600E74100 /* XCRemoteSwiftPackageReference "firebase-ios-sdk" */;
			productName = FirebaseAppCheck;
		};
/* End XCSwiftPackageProductDependency section */
	};
	rootObject = DAD18BF92B29E7C400E74100 /* Project object */;
}
