// !$*UTF8*$!
{
	archiveVersion = 1;
	classes = {
	};
	objectVersion = 60;
	objects = {

/* Begin PBXBuildFile section */
		DA1D11802B29F2E200194749 /* AppDelegate.swift in Sources */ = {isa = PBXBuildFile; fileRef = DA1D11782B29F2E200194749 /* AppDelegate.swift */; };
		DA1D11812B29F2E200194749 /* NativeAnalytics.swift in Sources */ = {isa = PBXBuildFile; fileRef = DA1D11792B29F2E200194749 /* NativeAnalytics.swift */; };
		DA1D11822B29F2E200194749 /* AdBannerView.swift in Sources */ = {isa = PBXBuildFile; fileRef = DA1D117A2B29F2E200194749 /* AdBannerView.swift */; };
		DA1D11832B29F2E200194749 /* ContentView.swift in Sources */ = {isa = PBXBuildFile; fileRef = DA1D117B2B29F2E200194749 /* ContentView.swift */; };
		DA1D11842B29F2E200194749 /* WordApp.swift in Sources */ = {isa = PBXBuildFile; fileRef = DA1D117C2B29F2E200194749 /* WordApp.swift */; };
		DA1D11862B29F2E200194749 /* AdInterstitialRewardedView.swift in Sources */ = {isa = PBXBuildFile; fileRef = DA1D117E2B29F2E200194749 /* AdInterstitialRewardedView.swift */; };
		DA2BFEE12BACCCF30082DCD3 /* GoogleService-Info.plist in Resources */ = {isa = PBXBuildFile; fileRef = DA2BFEE02BACCCF30082DCD3 /* GoogleService-Info.plist */; };
		DA2BFEE32BACD3630082DCD3 /* FirebaseCrashlytics in Frameworks */ = {isa = PBXBuildFile; productRef = DA2BFEE22BACD3630082DCD3 /* FirebaseCrashlytics */; };
		DA2BFEE52BACD3630082DCD3 /* FirebaseFunctions in Frameworks */ = {isa = PBXBuildFile; productRef = DA2BFEE42BACD3630082DCD3 /* FirebaseFunctions */; };
		DA2BFEE72BACD3630082DCD3 /* FirebaseFunctionsCombine-Community in Frameworks */ = {isa = PBXBuildFile; productRef = DA2BFEE62BACD3630082DCD3 /* FirebaseFunctionsCombine-Community */; };
		DA2BFEE92BACD3630082DCD3 /* FirebaseStorage in Frameworks */ = {isa = PBXBuildFile; productRef = DA2BFEE82BACD3630082DCD3 /* FirebaseStorage */; };
		DA2BFEEB2BACD3630082DCD3 /* FirebaseStorageCombine-Community in Frameworks */ = {isa = PBXBuildFile; productRef = DA2BFEEA2BACD3630082DCD3 /* FirebaseStorageCombine-Community */; };
		DA39E7AC2BB1BB7D00F39E8A /* GoogleMobileAds in Frameworks */ = {isa = PBXBuildFile; productRef = DA39E7AB2BB1BB7D00F39E8A /* GoogleMobileAds */; };
		DA838B932B40E99F00AA3C13 /* InterstitialAdsManager.swift in Sources */ = {isa = PBXBuildFile; fileRef = DA838B922B40E99F00AA3C13 /* InterstitialAdsManager.swift */; };
		DAD18C092B29E7C500E74100 /* Assets.xcassets in Resources */ = {isa = PBXBuildFile; fileRef = DAD18C082B29E7C500E74100 /* Assets.xcassets */; };
		DAD18C0D2B29E7C500E74100 /* Preview Assets.xcassets in Resources */ = {isa = PBXBuildFile; fileRef = DAD18C0C2B29E7C500E74100 /* Preview Assets.xcassets */; };
		DAFB4D632BB1C65C001C7E4B /* FirebaseAnalytics in Frameworks */ = {isa = PBXBuildFile; productRef = DAFB4D622BB1C65C001C7E4B /* FirebaseAnalytics */; };
		DAFB4D652BB1C65C001C7E4B /* FirebaseAnalyticsOnDeviceConversion in Frameworks */ = {isa = PBXBuildFile; productRef = DAFB4D642BB1C65C001C7E4B /* FirebaseAnalyticsOnDeviceConversion */; };
		DAFB4D672BB1C65C001C7E4B /* FirebaseAnalyticsSwift in Frameworks */ = {isa = PBXBuildFile; productRef = DAFB4D662BB1C65C001C7E4B /* FirebaseAnalyticsSwift */; };
		DAFB4D692BB1C65C001C7E4B /* FirebaseAnalyticsWithoutAdIdSupport in Frameworks */ = {isa = PBXBuildFile; productRef = DAFB4D682BB1C65C001C7E4B /* FirebaseAnalyticsWithoutAdIdSupport */; };
		DAFB4D6B2BB1C65C001C7E4B /* FirebaseAppCheck in Frameworks */ = {isa = PBXBuildFile; productRef = DAFB4D6A2BB1C65C001C7E4B /* FirebaseAppCheck */; };
		DAFB4D6D2BB1C65C001C7E4B /* FirebaseAppDistribution-Beta in Frameworks */ = {isa = PBXBuildFile; productRef = DAFB4D6C2BB1C65C001C7E4B /* FirebaseAppDistribution-Beta */; };
		DAFB4D6F2BB1C65C001C7E4B /* FirebaseAuth in Frameworks */ = {isa = PBXBuildFile; productRef = DAFB4D6E2BB1C65C001C7E4B /* FirebaseAuth */; };
		DAFB4D712BB1C65C001C7E4B /* FirebaseAuthCombine-Community in Frameworks */ = {isa = PBXBuildFile; productRef = DAFB4D702BB1C65C001C7E4B /* FirebaseAuthCombine-Community */; };
		DAFB4D732BB1C65C001C7E4B /* FirebaseCrashlytics in Frameworks */ = {isa = PBXBuildFile; productRef = DAFB4D722BB1C65C001C7E4B /* FirebaseCrashlytics */; };
		DAFB4D752BB1C65C001C7E4B /* FirebaseDatabase in Frameworks */ = {isa = PBXBuildFile; productRef = DAFB4D742BB1C65C001C7E4B /* FirebaseDatabase */; };
		DAFB4D772BB1C65C001C7E4B /* FirebaseDatabaseSwift in Frameworks */ = {isa = PBXBuildFile; productRef = DAFB4D762BB1C65C001C7E4B /* FirebaseDatabaseSwift */; };
		DAFB4D792BB1C65C001C7E4B /* FirebaseDynamicLinks in Frameworks */ = {isa = PBXBuildFile; productRef = DAFB4D782BB1C65C001C7E4B /* FirebaseDynamicLinks */; };
		DAFB4D7B2BB1C65C001C7E4B /* FirebaseFirestore in Frameworks */ = {isa = PBXBuildFile; productRef = DAFB4D7A2BB1C65C001C7E4B /* FirebaseFirestore */; };
		DAFB4D7D2BB1C65C001C7E4B /* FirebaseFirestoreCombine-Community in Frameworks */ = {isa = PBXBuildFile; productRef = DAFB4D7C2BB1C65C001C7E4B /* FirebaseFirestoreCombine-Community */; };
		DAFB4D7F2BB1C65C001C7E4B /* FirebaseFirestoreSwift in Frameworks */ = {isa = PBXBuildFile; productRef = DAFB4D7E2BB1C65C001C7E4B /* FirebaseFirestoreSwift */; };
		DAFB4D812BB1C65C001C7E4B /* FirebaseFunctions in Frameworks */ = {isa = PBXBuildFile; productRef = DAFB4D802BB1C65C001C7E4B /* FirebaseFunctions */; };
		DAFB4D832BB1C65C001C7E4B /* FirebaseFunctionsCombine-Community in Frameworks */ = {isa = PBXBuildFile; productRef = DAFB4D822BB1C65C001C7E4B /* FirebaseFunctionsCombine-Community */; };
		DAFB4D852BB1C65C001C7E4B /* FirebaseInAppMessaging-Beta in Frameworks */ = {isa = PBXBuildFile; productRef = DAFB4D842BB1C65C001C7E4B /* FirebaseInAppMessaging-Beta */; };
		DAFB4D872BB1C65C001C7E4B /* FirebaseInAppMessagingSwift-Beta in Frameworks */ = {isa = PBXBuildFile; productRef = DAFB4D862BB1C65C001C7E4B /* FirebaseInAppMessagingSwift-Beta */; };
		DAFB4D892BB1C65C001C7E4B /* FirebaseInstallations in Frameworks */ = {isa = PBXBuildFile; productRef = DAFB4D882BB1C65C001C7E4B /* FirebaseInstallations */; };
		DAFB4D8B2BB1C65C001C7E4B /* FirebaseMLModelDownloader in Frameworks */ = {isa = PBXBuildFile; productRef = DAFB4D8A2BB1C65C001C7E4B /* FirebaseMLModelDownloader */; };
		DAFB4D8D2BB1C65C001C7E4B /* FirebaseMessaging in Frameworks */ = {isa = PBXBuildFile; productRef = DAFB4D8C2BB1C65C001C7E4B /* FirebaseMessaging */; };
		DAFB4D8F2BB1C65C001C7E4B /* FirebasePerformance in Frameworks */ = {isa = PBXBuildFile; productRef = DAFB4D8E2BB1C65C001C7E4B /* FirebasePerformance */; };
		DAFB4D912BB1C65C001C7E4B /* FirebaseRemoteConfig in Frameworks */ = {isa = PBXBuildFile; productRef = DAFB4D902BB1C65C001C7E4B /* FirebaseRemoteConfig */; };
		DAFB4D932BB1C65C001C7E4B /* FirebaseRemoteConfigSwift in Frameworks */ = {isa = PBXBuildFile; productRef = DAFB4D922BB1C65C001C7E4B /* FirebaseRemoteConfigSwift */; };
		DAFB4D952BB1C65C001C7E4B /* FirebaseStorage in Frameworks */ = {isa = PBXBuildFile; productRef = DAFB4D942BB1C65C001C7E4B /* FirebaseStorage */; };
		DAFB4D972BB1C65C001C7E4B /* FirebaseStorageCombine-Community in Frameworks */ = {isa = PBXBuildFile; productRef = DAFB4D962BB1C65C001C7E4B /* FirebaseStorageCombine-Community */; };
		DAFB4D9A2BB1C6A7001C7E4B /* AmplitudeSwift in Frameworks */ = {isa = PBXBuildFile; productRef = DAFB4D992BB1C6A7001C7E4B /* AmplitudeSwift */; };
		DAFB4DA22BB1F797001C7E4B /* PrivacyInfo.xcprivacy in Resources */ = {isa = PBXBuildFile; fileRef = DAFB4DA12BB1F797001C7E4B /* PrivacyInfo.xcprivacy */; };
/* End PBXBuildFile section */

/* Begin PBXFileReference section */
		DA1D11782B29F2E200194749 /* AppDelegate.swift */ = {isa = PBXFileReference; fileEncoding = 4; lastKnownFileType = sourcecode.swift; path = AppDelegate.swift; sourceTree = "<group>"; };
		DA1D11792B29F2E200194749 /* NativeAnalytics.swift */ = {isa = PBXFileReference; fileEncoding = 4; lastKnownFileType = sourcecode.swift; path = NativeAnalytics.swift; sourceTree = "<group>"; };
		DA1D117A2B29F2E200194749 /* AdBannerView.swift */ = {isa = PBXFileReference; fileEncoding = 4; lastKnownFileType = sourcecode.swift; path = AdBannerView.swift; sourceTree = "<group>"; };
		DA1D117B2B29F2E200194749 /* ContentView.swift */ = {isa = PBXFileReference; fileEncoding = 4; lastKnownFileType = sourcecode.swift; path = ContentView.swift; sourceTree = "<group>"; };
		DA1D117C2B29F2E200194749 /* WordApp.swift */ = {isa = PBXFileReference; fileEncoding = 4; lastKnownFileType = sourcecode.swift; path = WordApp.swift; sourceTree = "<group>"; };
		DA1D117E2B29F2E200194749 /* AdInterstitialRewardedView.swift */ = {isa = PBXFileReference; fileEncoding = 4; lastKnownFileType = sourcecode.swift; path = AdInterstitialRewardedView.swift; sourceTree = "<group>"; };
		DA2BFEE02BACCCF30082DCD3 /* GoogleService-Info.plist */ = {isa = PBXFileReference; fileEncoding = 4; lastKnownFileType = text.plist.xml; path = "GoogleService-Info.plist"; sourceTree = "<group>"; };
		DA838B922B40E99F00AA3C13 /* InterstitialAdsManager.swift */ = {isa = PBXFileReference; lastKnownFileType = sourcecode.swift; path = InterstitialAdsManager.swift; sourceTree = "<group>"; };
		DABD2AF52B48D05900FDA09F /* Info.plist */ = {isa = PBXFileReference; fileEncoding = 4; lastKnownFileType = text.plist.xml; path = Info.plist; sourceTree = "<group>"; };
		DAD18C012B29E7C400E74100 /* Word Debug.app */ = {isa = PBXFileReference; explicitFileType = wrapper.application; includeInIndex = 0; path = "Word Debug.app"; sourceTree = BUILT_PRODUCTS_DIR; };
		DAD18C082B29E7C500E74100 /* Assets.xcassets */ = {isa = PBXFileReference; lastKnownFileType = folder.assetcatalog; path = Assets.xcassets; sourceTree = "<group>"; };
		DAD18C0A2B29E7C500E74100 /* word.entitlements */ = {isa = PBXFileReference; lastKnownFileType = text.plist.entitlements; path = word.entitlements; sourceTree = "<group>"; };
		DAD18C0C2B29E7C500E74100 /* Preview Assets.xcassets */ = {isa = PBXFileReference; lastKnownFileType = folder.assetcatalog; path = "Preview Assets.xcassets"; sourceTree = "<group>"; };
		DAFB4DA12BB1F797001C7E4B /* PrivacyInfo.xcprivacy */ = {isa = PBXFileReference; lastKnownFileType = text.xml; path = PrivacyInfo.xcprivacy; sourceTree = "<group>"; };
/* End PBXFileReference section */

/* Begin PBXFrameworksBuildPhase section */
		DAD18BFE2B29E7C400E74100 /* Frameworks */ = {
			isa = PBXFrameworksBuildPhase;
			buildActionMask = 2147483647;
			files = (
				DAFB4D672BB1C65C001C7E4B /* FirebaseAnalyticsSwift in Frameworks */,
				DAFB4D692BB1C65C001C7E4B /* FirebaseAnalyticsWithoutAdIdSupport in Frameworks */,
				DAFB4D632BB1C65C001C7E4B /* FirebaseAnalytics in Frameworks */,
				DA2BFEEB2BACD3630082DCD3 /* FirebaseStorageCombine-Community in Frameworks */,
				DAFB4D8F2BB1C65C001C7E4B /* FirebasePerformance in Frameworks */,
				DAFB4D952BB1C65C001C7E4B /* FirebaseStorage in Frameworks */,
				DAFB4D7B2BB1C65C001C7E4B /* FirebaseFirestore in Frameworks */,
				DA2BFEE92BACD3630082DCD3 /* FirebaseStorage in Frameworks */,
				DAFB4D832BB1C65C001C7E4B /* FirebaseFunctionsCombine-Community in Frameworks */,
				DAFB4D932BB1C65C001C7E4B /* FirebaseRemoteConfigSwift in Frameworks */,
				DAFB4D792BB1C65C001C7E4B /* FirebaseDynamicLinks in Frameworks */,
				DAFB4D912BB1C65C001C7E4B /* FirebaseRemoteConfig in Frameworks */,
				DAFB4D712BB1C65C001C7E4B /* FirebaseAuthCombine-Community in Frameworks */,
				DAFB4D752BB1C65C001C7E4B /* FirebaseDatabase in Frameworks */,
				DAFB4D812BB1C65C001C7E4B /* FirebaseFunctions in Frameworks */,
				DAFB4D852BB1C65C001C7E4B /* FirebaseInAppMessaging-Beta in Frameworks */,
				DA2BFEE72BACD3630082DCD3 /* FirebaseFunctionsCombine-Community in Frameworks */,
				DA2BFEE32BACD3630082DCD3 /* FirebaseCrashlytics in Frameworks */,
				DA39E7AC2BB1BB7D00F39E8A /* GoogleMobileAds in Frameworks */,
				DAFB4D892BB1C65C001C7E4B /* FirebaseInstallations in Frameworks */,
				DAFB4D8D2BB1C65C001C7E4B /* FirebaseMessaging in Frameworks */,
				DA2BFEE52BACD3630082DCD3 /* FirebaseFunctions in Frameworks */,
				DAFB4D972BB1C65C001C7E4B /* FirebaseStorageCombine-Community in Frameworks */,
				DAFB4D7D2BB1C65C001C7E4B /* FirebaseFirestoreCombine-Community in Frameworks */,
				DAFB4D9A2BB1C6A7001C7E4B /* AmplitudeSwift in Frameworks */,
				DAFB4D872BB1C65C001C7E4B /* FirebaseInAppMessagingSwift-Beta in Frameworks */,
				DAFB4D652BB1C65C001C7E4B /* FirebaseAnalyticsOnDeviceConversion in Frameworks */,
				DAFB4D6F2BB1C65C001C7E4B /* FirebaseAuth in Frameworks */,
				DAFB4D732BB1C65C001C7E4B /* FirebaseCrashlytics in Frameworks */,
				DAFB4D7F2BB1C65C001C7E4B /* FirebaseFirestoreSwift in Frameworks */,
				DAFB4D772BB1C65C001C7E4B /* FirebaseDatabaseSwift in Frameworks */,
				DAFB4D8B2BB1C65C001C7E4B /* FirebaseMLModelDownloader in Frameworks */,
				DAFB4D6B2BB1C65C001C7E4B /* FirebaseAppCheck in Frameworks */,
				DAFB4D6D2BB1C65C001C7E4B /* FirebaseAppDistribution-Beta in Frameworks */,
			);
			runOnlyForDeploymentPostprocessing = 0;
		};
/* End PBXFrameworksBuildPhase section */

/* Begin PBXGroup section */
		DA07D3492B695B2B00CCE2D0 /* Frameworks */ = {
			isa = PBXGroup;
			children = (
			);
			name = Frameworks;
			sourceTree = "<group>";
		};
		DAD18BF82B29E7C400E74100 = {
			isa = PBXGroup;
			children = (
				DAD18C032B29E7C400E74100 /* word */,
				DAD18C022B29E7C400E74100 /* Products */,
				DA07D3492B695B2B00CCE2D0 /* Frameworks */,
			);
			sourceTree = "<group>";
		};
		DAD18C022B29E7C400E74100 /* Products */ = {
			isa = PBXGroup;
			children = (
				DAD18C012B29E7C400E74100 /* Word Debug.app */,
			);
			name = Products;
			sourceTree = "<group>";
		};
		DAD18C032B29E7C400E74100 /* word */ = {
			isa = PBXGroup;
			children = (
				DA2BFEE02BACCCF30082DCD3 /* GoogleService-Info.plist */,
				DABD2AF52B48D05900FDA09F /* Info.plist */,
				DA1D117A2B29F2E200194749 /* AdBannerView.swift */,
				DA1D117E2B29F2E200194749 /* AdInterstitialRewardedView.swift */,
				DA1D11782B29F2E200194749 /* AppDelegate.swift */,
				DA1D117B2B29F2E200194749 /* ContentView.swift */,
				DA1D11792B29F2E200194749 /* NativeAnalytics.swift */,
				DA1D117C2B29F2E200194749 /* WordApp.swift */,
				DAD18C082B29E7C500E74100 /* Assets.xcassets */,
				DAD18C0A2B29E7C500E74100 /* word.entitlements */,
				DAD18C0B2B29E7C500E74100 /* Preview Content */,
				DA838B922B40E99F00AA3C13 /* InterstitialAdsManager.swift */,
				DAFB4DA12BB1F797001C7E4B /* PrivacyInfo.xcprivacy */,
			);
			path = word;
			sourceTree = "<group>";
		};
		DAD18C0B2B29E7C500E74100 /* Preview Content */ = {
			isa = PBXGroup;
			children = (
				DAD18C0C2B29E7C500E74100 /* Preview Assets.xcassets */,
			);
			path = "Preview Content";
			sourceTree = "<group>";
		};
/* End PBXGroup section */

/* Begin PBXNativeTarget section */
		DAD18C002B29E7C400E74100 /* word */ = {
			isa = PBXNativeTarget;
			buildConfigurationList = DAD18C102B29E7C500E74100 /* Build configuration list for PBXNativeTarget "word" */;
			buildPhases = (
				DAD18C302B29E95D00E74100 /* ShellScript */,
				DAD18BFD2B29E7C400E74100 /* Sources */,
				DAD18BFF2B29E7C400E74100 /* Resources */,
				DAC2CD492B4BA2C6007C5D38 /* ShellScript */,
				DAD18BFE2B29E7C400E74100 /* Frameworks */,
			);
			buildRules = (
			);
			dependencies = (
			);
			name = word;
			packageProductDependencies = (
				DA2BFEE22BACD3630082DCD3 /* FirebaseCrashlytics */,
				DA2BFEE42BACD3630082DCD3 /* FirebaseFunctions */,
				DA2BFEE62BACD3630082DCD3 /* FirebaseFunctionsCombine-Community */,
				DA2BFEE82BACD3630082DCD3 /* FirebaseStorage */,
				DA2BFEEA2BACD3630082DCD3 /* FirebaseStorageCombine-Community */,
				DA39E7AB2BB1BB7D00F39E8A /* GoogleMobileAds */,
				DAFB4D622BB1C65C001C7E4B /* FirebaseAnalytics */,
				DAFB4D642BB1C65C001C7E4B /* FirebaseAnalyticsOnDeviceConversion */,
				DAFB4D662BB1C65C001C7E4B /* FirebaseAnalyticsSwift */,
				DAFB4D682BB1C65C001C7E4B /* FirebaseAnalyticsWithoutAdIdSupport */,
				DAFB4D6A2BB1C65C001C7E4B /* FirebaseAppCheck */,
				DAFB4D6C2BB1C65C001C7E4B /* FirebaseAppDistribution-Beta */,
				DAFB4D6E2BB1C65C001C7E4B /* FirebaseAuth */,
				DAFB4D702BB1C65C001C7E4B /* FirebaseAuthCombine-Community */,
				DAFB4D722BB1C65C001C7E4B /* FirebaseCrashlytics */,
				DAFB4D742BB1C65C001C7E4B /* FirebaseDatabase */,
				DAFB4D762BB1C65C001C7E4B /* FirebaseDatabaseSwift */,
				DAFB4D782BB1C65C001C7E4B /* FirebaseDynamicLinks */,
				DAFB4D7A2BB1C65C001C7E4B /* FirebaseFirestore */,
				DAFB4D7C2BB1C65C001C7E4B /* FirebaseFirestoreCombine-Community */,
				DAFB4D7E2BB1C65C001C7E4B /* FirebaseFirestoreSwift */,
				DAFB4D802BB1C65C001C7E4B /* FirebaseFunctions */,
				DAFB4D822BB1C65C001C7E4B /* FirebaseFunctionsCombine-Community */,
				DAFB4D842BB1C65C001C7E4B /* FirebaseInAppMessaging-Beta */,
				DAFB4D862BB1C65C001C7E4B /* FirebaseInAppMessagingSwift-Beta */,
				DAFB4D882BB1C65C001C7E4B /* FirebaseInstallations */,
				DAFB4D8A2BB1C65C001C7E4B /* FirebaseMLModelDownloader */,
				DAFB4D8C2BB1C65C001C7E4B /* FirebaseMessaging */,
				DAFB4D8E2BB1C65C001C7E4B /* FirebasePerformance */,
				DAFB4D902BB1C65C001C7E4B /* FirebaseRemoteConfig */,
				DAFB4D922BB1C65C001C7E4B /* FirebaseRemoteConfigSwift */,
				DAFB4D942BB1C65C001C7E4B /* FirebaseStorage */,
				DAFB4D962BB1C65C001C7E4B /* FirebaseStorageCombine-Community */,
				DAFB4D992BB1C6A7001C7E4B /* AmplitudeSwift */,
			);
			productName = word;
			productReference = DAD18C012B29E7C400E74100 /* Word Debug.app */;
			productType = "com.apple.product-type.application";
		};
/* End PBXNativeTarget section */

/* Begin PBXProject section */
		DAD18BF92B29E7C400E74100 /* Project object */ = {
			isa = PBXProject;
			attributes = {
				BuildIndependentTargetsInParallel = 1;
				LastSwiftUpdateCheck = 1510;
				LastUpgradeCheck = 1520;
				TargetAttributes = {
					DAD18C002B29E7C400E74100 = {
						CreatedOnToolsVersion = 15.1;
					};
				};
			};
			buildConfigurationList = DAD18BFC2B29E7C400E74100 /* Build configuration list for PBXProject "word" */;
			compatibilityVersion = "Xcode 15.0";
			developmentRegion = en;
			hasScannedForEncodings = 0;
			knownRegions = (
				en,
				Base,
			);
			mainGroup = DAD18BF82B29E7C400E74100;
			packageReferences = (
				DA39E7AA2BB1BB7D00F39E8A /* XCRemoteSwiftPackageReference "swift-package-manager-google-mobile-ads" */,
				DAFB4D612BB1C65C001C7E4B /* XCRemoteSwiftPackageReference "firebase-ios-sdk" */,
				DAFB4D982BB1C6A7001C7E4B /* XCRemoteSwiftPackageReference "Amplitude-Swift" */,
			);
			productRefGroup = DAD18C022B29E7C400E74100 /* Products */;
			projectDirPath = "";
			projectRoot = "";
			targets = (
				DAD18C002B29E7C400E74100 /* word */,
			);
		};
/* End PBXProject section */

/* Begin PBXResourcesBuildPhase section */
		DAD18BFF2B29E7C400E74100 /* Resources */ = {
			isa = PBXResourcesBuildPhase;
			buildActionMask = 2147483647;
			files = (
				DAD18C0D2B29E7C500E74100 /* Preview Assets.xcassets in Resources */,
				DA2BFEE12BACCCF30082DCD3 /* GoogleService-Info.plist in Resources */,
				DAFB4DA22BB1F797001C7E4B /* PrivacyInfo.xcprivacy in Resources */,
				DAD18C092B29E7C500E74100 /* Assets.xcassets in Resources */,
			);
			runOnlyForDeploymentPostprocessing = 0;
		};
/* End PBXResourcesBuildPhase section */

/* Begin PBXShellScriptBuildPhase section */
		DAC2CD492B4BA2C6007C5D38 /* ShellScript */ = {
			isa = PBXShellScriptBuildPhase;
			buildActionMask = 2147483647;
			files = (
			);
			inputFileListPaths = (
			);
			inputPaths = (
				"${DWARF_DSYM_FOLDER_PATH}/${DWARF_DSYM_FILE_NAME}",
				"${DWARF_DSYM_FOLDER_PATH}/${DWARF_DSYM_FILE_NAME}/Contents/Resources/DWARF/${PRODUCT_NAME}",
				"${DWARF_DSYM_FOLDER_PATH}/${DWARF_DSYM_FILE_NAME}/Contents/Info.plist",
				"$(TARGET_BUILD_DIR)/$(UNLOCALIZED_RESOURCES_FOLDER_PATH)/GoogleService-Info.plist",
				"$(TARGET_BUILD_DIR)/$(EXECUTABLE_PATH)",
			);
			outputFileListPaths = (
			);
			outputPaths = (
			);
			runOnlyForDeploymentPostprocessing = 0;
			shellPath = /bin/sh;
			shellScript = "
";
		};
		DAD18C302B29E95D00E74100 /* ShellScript */ = {
			isa = PBXShellScriptBuildPhase;
			buildActionMask = 2147483647;
			files = (
			);
			inputFileListPaths = (
			);
			inputPaths = (
			);
			outputFileListPaths = (
			);
			outputPaths = (
			);
			runOnlyForDeploymentPostprocessing = 0;
			shellPath = /bin/sh;
			shellScript = "# Type a script or drag a script file from your workspace to insert its path.\nif [ \"YES\" = \"$OVERRIDE_KOTLIN_BUILD_IDE_SUPPORTED\" ]; then\n  echo \"Skipping Gradle build task invocation due to OVERRIDE_KOTLIN_BUILD_IDE_SUPPORTED environment variable set to \\\"YES\\\"\"\n  exit 0\nfi\ncd \"$SRCROOT/..\"\n./gradlew :composeApp:embedAndSignAppleFrameworkForXcode\n";
		};
/* End PBXShellScriptBuildPhase section */

/* Begin PBXSourcesBuildPhase section */
		DAD18BFD2B29E7C400E74100 /* Sources */ = {
			isa = PBXSourcesBuildPhase;
			buildActionMask = 2147483647;
			files = (
				DA1D11812B29F2E200194749 /* NativeAnalytics.swift in Sources */,
				DA1D11832B29F2E200194749 /* ContentView.swift in Sources */,
				DA838B932B40E99F00AA3C13 /* InterstitialAdsManager.swift in Sources */,
				DA1D11862B29F2E200194749 /* AdInterstitialRewardedView.swift in Sources */,
				DA1D11802B29F2E200194749 /* AppDelegate.swift in Sources */,
				DA1D11822B29F2E200194749 /* AdBannerView.swift in Sources */,
				DA1D11842B29F2E200194749 /* WordApp.swift in Sources */,
			);
			runOnlyForDeploymentPostprocessing = 0;
		};
/* End PBXSourcesBuildPhase section */

/* Begin XCBuildConfiguration section */
		DAD18C0E2B29E7C500E74100 /* Debug */ = {
			isa = XCBuildConfiguration;
			buildSettings = {
				ALWAYS_SEARCH_USER_PATHS = NO;
				ASSETCATALOG_COMPILER_GENERATE_SWIFT_ASSET_SYMBOL_EXTENSIONS = YES;
				CLANG_ANALYZER_NONNULL = YES;
				CLANG_ANALYZER_NUMBER_OBJECT_CONVERSION = YES_AGGRESSIVE;
				CLANG_CXX_LANGUAGE_STANDARD = "gnu++20";
				CLANG_ENABLE_MODULES = YES;
				CLANG_ENABLE_OBJC_ARC = YES;
				CLANG_ENABLE_OBJC_WEAK = YES;
				CLANG_WARN_BLOCK_CAPTURE_AUTORELEASING = YES;
				CLANG_WARN_BOOL_CONVERSION = YES;
				CLANG_WARN_COMMA = YES;
				CLANG_WARN_CONSTANT_CONVERSION = YES;
				CLANG_WARN_DEPRECATED_OBJC_IMPLEMENTATIONS = YES;
				CLANG_WARN_DIRECT_OBJC_ISA_USAGE = YES_ERROR;
				CLANG_WARN_DOCUMENTATION_COMMENTS = YES;
				CLANG_WARN_EMPTY_BODY = YES;
				CLANG_WARN_ENUM_CONVERSION = YES;
				CLANG_WARN_INFINITE_RECURSION = YES;
				CLANG_WARN_INT_CONVERSION = YES;
				CLANG_WARN_NON_LITERAL_NULL_CONVERSION = YES;
				CLANG_WARN_OBJC_IMPLICIT_RETAIN_SELF = YES;
				CLANG_WARN_OBJC_LITERAL_CONVERSION = YES;
				CLANG_WARN_OBJC_ROOT_CLASS = YES_ERROR;
				CLANG_WARN_QUOTED_INCLUDE_IN_FRAMEWORK_HEADER = YES;
				CLANG_WARN_RANGE_LOOP_ANALYSIS = YES;
				CLANG_WARN_STRICT_PROTOTYPES = YES;
				CLANG_WARN_SUSPICIOUS_MOVE = YES;
				CLANG_WARN_UNGUARDED_AVAILABILITY = YES_AGGRESSIVE;
				CLANG_WARN_UNREACHABLE_CODE = YES;
				CLANG_WARN__DUPLICATE_METHOD_MATCH = YES;
				COPY_PHASE_STRIP = NO;
				DEAD_CODE_STRIPPING = YES;
				DEBUG_INFORMATION_FORMAT = dwarf;
				ENABLE_STRICT_OBJC_MSGSEND = YES;
				ENABLE_TESTABILITY = YES;
				ENABLE_USER_SCRIPT_SANDBOXING = YES;
				GCC_C_LANGUAGE_STANDARD = gnu17;
				GCC_DYNAMIC_NO_PIC = NO;
				GCC_NO_COMMON_BLOCKS = YES;
				GCC_OPTIMIZATION_LEVEL = 0;
				GCC_PREPROCESSOR_DEFINITIONS = (
					"DEBUG=1",
					"$(inherited)",
				);
				GCC_WARN_64_TO_32_BIT_CONVERSION = YES;
				GCC_WARN_ABOUT_RETURN_TYPE = YES_ERROR;
				GCC_WARN_UNDECLARED_SELECTOR = YES;
				GCC_WARN_UNINITIALIZED_AUTOS = YES_AGGRESSIVE;
				GCC_WARN_UNUSED_FUNCTION = YES;
				GCC_WARN_UNUSED_VARIABLE = YES;
				LOCALIZATION_PREFERS_STRING_CATALOGS = YES;
				MTL_ENABLE_DEBUG_INFO = INCLUDE_SOURCE;
				MTL_FAST_MATH = YES;
				ONLY_ACTIVE_ARCH = YES;
				SWIFT_ACTIVE_COMPILATION_CONDITIONS = "DEBUG $(inherited)";
				SWIFT_OPTIMIZATION_LEVEL = "-Onone";
			};
			name = Debug;
		};
		DAD18C0F2B29E7C500E74100 /* Release */ = {
			isa = XCBuildConfiguration;
			buildSettings = {
				ALWAYS_SEARCH_USER_PATHS = NO;
				ASSETCATALOG_COMPILER_GENERATE_SWIFT_ASSET_SYMBOL_EXTENSIONS = YES;
				CLANG_ANALYZER_NONNULL = YES;
				CLANG_ANALYZER_NUMBER_OBJECT_CONVERSION = YES_AGGRESSIVE;
				CLANG_CXX_LANGUAGE_STANDARD = "gnu++20";
				CLANG_ENABLE_MODULES = YES;
				CLANG_ENABLE_OBJC_ARC = YES;
				CLANG_ENABLE_OBJC_WEAK = YES;
				CLANG_WARN_BLOCK_CAPTURE_AUTORELEASING = YES;
				CLANG_WARN_BOOL_CONVERSION = YES;
				CLANG_WARN_COMMA = YES;
				CLANG_WARN_CONSTANT_CONVERSION = YES;
				CLANG_WARN_DEPRECATED_OBJC_IMPLEMENTATIONS = YES;
				CLANG_WARN_DIRECT_OBJC_ISA_USAGE = YES_ERROR;
				CLANG_WARN_DOCUMENTATION_COMMENTS = YES;
				CLANG_WARN_EMPTY_BODY = YES;
				CLANG_WARN_ENUM_CONVERSION = YES;
				CLANG_WARN_INFINITE_RECURSION = YES;
				CLANG_WARN_INT_CONVERSION = YES;
				CLANG_WARN_NON_LITERAL_NULL_CONVERSION = YES;
				CLANG_WARN_OBJC_IMPLICIT_RETAIN_SELF = YES;
				CLANG_WARN_OBJC_LITERAL_CONVERSION = YES;
				CLANG_WARN_OBJC_ROOT_CLASS = YES_ERROR;
				CLANG_WARN_QUOTED_INCLUDE_IN_FRAMEWORK_HEADER = YES;
				CLANG_WARN_RANGE_LOOP_ANALYSIS = YES;
				CLANG_WARN_STRICT_PROTOTYPES = YES;
				CLANG_WARN_SUSPICIOUS_MOVE = YES;
				CLANG_WARN_UNGUARDED_AVAILABILITY = YES_AGGRESSIVE;
				CLANG_WARN_UNREACHABLE_CODE = YES;
				CLANG_WARN__DUPLICATE_METHOD_MATCH = YES;
				COPY_PHASE_STRIP = NO;
				DEAD_CODE_STRIPPING = YES;
				DEBUG_INFORMATION_FORMAT = "dwarf-with-dsym";
				ENABLE_NS_ASSERTIONS = NO;
				ENABLE_STRICT_OBJC_MSGSEND = YES;
				ENABLE_USER_SCRIPT_SANDBOXING = YES;
				GCC_C_LANGUAGE_STANDARD = gnu17;
				GCC_NO_COMMON_BLOCKS = YES;
				GCC_WARN_64_TO_32_BIT_CONVERSION = YES;
				GCC_WARN_ABOUT_RETURN_TYPE = YES_ERROR;
				GCC_WARN_UNDECLARED_SELECTOR = YES;
				GCC_WARN_UNINITIALIZED_AUTOS = YES_AGGRESSIVE;
				GCC_WARN_UNUSED_FUNCTION = YES;
				GCC_WARN_UNUSED_VARIABLE = YES;
				LOCALIZATION_PREFERS_STRING_CATALOGS = YES;
				MTL_ENABLE_DEBUG_INFO = NO;
				MTL_FAST_MATH = YES;
				SWIFT_COMPILATION_MODE = wholemodule;
			};
			name = Release;
		};
		DAD18C112B29E7C500E74100 /* Debug */ = {
			isa = XCBuildConfiguration;
			buildSettings = {
				ASSETCATALOG_COMPILER_APPICON_NAME = AppIcon;
				ASSETCATALOG_COMPILER_GLOBAL_ACCENT_COLOR_NAME = AccentColor;
				ASSETCATALOG_COMPILER_INCLUDE_ALL_APPICON_ASSETS = YES;
				CODE_SIGN_ENTITLEMENTS = word/word.entitlements;
				CODE_SIGN_STYLE = Automatic;
				CURRENT_PROJECT_VERSION = 20;
				DEAD_CODE_STRIPPING = YES;
				DEVELOPMENT_ASSET_PATHS = "\"word/Preview Content\"";
				DEVELOPMENT_TEAM = GE26949KEK;
				ENABLE_HARDENED_RUNTIME = YES;
				ENABLE_PREVIEWS = YES;
				ENABLE_USER_SCRIPT_SANDBOXING = NO;
				FRAMEWORK_SEARCH_PATHS = (
					"$(SRCROOT)/../composeApp/build/xcode-frameworks/$(CONFIGURATION)/$(SDK_NAME)",
					"$(SRCROOT)/../core/design/build/xcode-frameworks/$(CONFIGURATION)/$(SDK_NAME)",
				);
				GENERATE_INFOPLIST_FILE = NO;
				INFOPLIST_FILE = /Users/usmanakhmedov/StudioProjects/Word/word/word/Info.plist;
				INFOPLIST_KEY_CFBundleDisplayName = "Word — Debug";
				INFOPLIST_KEY_LSApplicationCategoryType = "public.app-category.education";
				"INFOPLIST_KEY_UIApplicationSceneManifest_Generation[sdk=iphoneos*]" = YES;
				"INFOPLIST_KEY_UIApplicationSceneManifest_Generation[sdk=iphonesimulator*]" = YES;
				"INFOPLIST_KEY_UIApplicationSupportsIndirectInputEvents[sdk=iphoneos*]" = YES;
				"INFOPLIST_KEY_UIApplicationSupportsIndirectInputEvents[sdk=iphonesimulator*]" = YES;
				"INFOPLIST_KEY_UILaunchScreen_Generation[sdk=iphoneos*]" = YES;
				"INFOPLIST_KEY_UILaunchScreen_Generation[sdk=iphonesimulator*]" = YES;
				"INFOPLIST_KEY_UIStatusBarStyle[sdk=iphoneos*]" = UIStatusBarStyleDefault;
				"INFOPLIST_KEY_UIStatusBarStyle[sdk=iphonesimulator*]" = UIStatusBarStyleDefault;
				INFOPLIST_KEY_UISupportedInterfaceOrientations_iPad = "UIInterfaceOrientationPortrait UIInterfaceOrientationPortraitUpsideDown UIInterfaceOrientationLandscapeLeft UIInterfaceOrientationLandscapeRight";
				INFOPLIST_KEY_UISupportedInterfaceOrientations_iPhone = "UIInterfaceOrientationPortrait UIInterfaceOrientationLandscapeLeft UIInterfaceOrientationLandscapeRight";
				IPHONEOS_DEPLOYMENT_TARGET = 16.0;
				LD_RUNPATH_SEARCH_PATHS = "@executable_path/Frameworks";
				"LD_RUNPATH_SEARCH_PATHS[sdk=macosx*]" = "@executable_path/../Frameworks";
				MACOSX_DEPLOYMENT_TARGET = 12.0;
				MARKETING_VERSION = 1.2.0;
				ONLY_ACTIVE_ARCH = YES;
				OTHER_LDFLAGS = (
					"$(inherited)",
					"-framework",
					composeApp,
					"-lz",
					"-lsqlite3",
					"-ObjC",
					"\"-Wl,-no_warn_duplicate_libraries\"",
				);
				PRODUCT_BUNDLE_IDENTIFIER = com.usmonie.word.debug;
				PRODUCT_NAME = "Word Debug";
				SDKROOT = auto;
				SUPPORTED_PLATFORMS = "iphoneos iphonesimulator";
				SUPPORTS_MACCATALYST = NO;
				SUPPORTS_MAC_DESIGNED_FOR_IPHONE_IPAD = NO;
				SWIFT_EMIT_LOC_STRINGS = YES;
				SWIFT_VERSION = 5.0;
				TARGETED_DEVICE_FAMILY = "1,2";
			};
			name = Debug;
		};
		DAD18C122B29E7C500E74100 /* Release */ = {
			isa = XCBuildConfiguration;
			buildSettings = {
				ASSETCATALOG_COMPILER_APPICON_NAME = AppIcon;
				ASSETCATALOG_COMPILER_GLOBAL_ACCENT_COLOR_NAME = AccentColor;
				ASSETCATALOG_COMPILER_INCLUDE_ALL_APPICON_ASSETS = YES;
				CODE_SIGN_ENTITLEMENTS = word/word.entitlements;
				CODE_SIGN_STYLE = Automatic;
				CURRENT_PROJECT_VERSION = 20;
				DEAD_CODE_STRIPPING = YES;
				DEVELOPMENT_ASSET_PATHS = "\"word/Preview Content\"";
				DEVELOPMENT_TEAM = GE26949KEK;
				ENABLE_HARDENED_RUNTIME = YES;
				ENABLE_PREVIEWS = YES;
				ENABLE_USER_SCRIPT_SANDBOXING = NO;
				FRAMEWORK_SEARCH_PATHS = (
					"$(SRCROOT)/../composeApp/build/xcode-frameworks/$(CONFIGURATION)/$(SDK_NAME)",
					"$(SRCROOT)/../core/design/build/xcode-frameworks/$(CONFIGURATION)/$(SDK_NAME)",
				);
				GENERATE_INFOPLIST_FILE = NO;
				INFOPLIST_FILE = /Users/usmanakhmedov/StudioProjects/Word/word/word/Info.plist;
				INFOPLIST_KEY_CFBundleDisplayName = Word;
				INFOPLIST_KEY_LSApplicationCategoryType = "public.app-category.education";
				"INFOPLIST_KEY_UIApplicationSceneManifest_Generation[sdk=iphoneos*]" = YES;
				"INFOPLIST_KEY_UIApplicationSceneManifest_Generation[sdk=iphonesimulator*]" = YES;
				"INFOPLIST_KEY_UIApplicationSupportsIndirectInputEvents[sdk=iphoneos*]" = YES;
				"INFOPLIST_KEY_UIApplicationSupportsIndirectInputEvents[sdk=iphonesimulator*]" = YES;
				"INFOPLIST_KEY_UILaunchScreen_Generation[sdk=iphoneos*]" = YES;
				"INFOPLIST_KEY_UILaunchScreen_Generation[sdk=iphonesimulator*]" = YES;
				"INFOPLIST_KEY_UIStatusBarStyle[sdk=iphoneos*]" = UIStatusBarStyleDefault;
				"INFOPLIST_KEY_UIStatusBarStyle[sdk=iphonesimulator*]" = UIStatusBarStyleDefault;
				INFOPLIST_KEY_UISupportedInterfaceOrientations_iPad = "UIInterfaceOrientationPortrait UIInterfaceOrientationPortraitUpsideDown UIInterfaceOrientationLandscapeLeft UIInterfaceOrientationLandscapeRight";
				INFOPLIST_KEY_UISupportedInterfaceOrientations_iPhone = "UIInterfaceOrientationPortrait UIInterfaceOrientationLandscapeLeft UIInterfaceOrientationLandscapeRight";
				IPHONEOS_DEPLOYMENT_TARGET = 16.0;
				LD_RUNPATH_SEARCH_PATHS = "@executable_path/Frameworks";
				"LD_RUNPATH_SEARCH_PATHS[sdk=macosx*]" = "@executable_path/../Frameworks";
				MACOSX_DEPLOYMENT_TARGET = 12.0;
				MARKETING_VERSION = 1.2.0;
				OTHER_LDFLAGS = (
					"$(inherited)",
					"-framework",
					composeApp,
					"-lz",
					"-lsqlite3",
					"-ObjC",
					"\"-Wl,-no_warn_duplicate_libraries\"",
				);
				PRODUCT_BUNDLE_IDENTIFIER = com.usmonie.word;
				PRODUCT_NAME = Word;
				SDKROOT = auto;
				SUPPORTED_PLATFORMS = "iphoneos iphonesimulator";
				SUPPORTS_MACCATALYST = NO;
				SUPPORTS_MAC_DESIGNED_FOR_IPHONE_IPAD = NO;
				SWIFT_EMIT_LOC_STRINGS = YES;
				SWIFT_VERSION = 5.0;
				TARGETED_DEVICE_FAMILY = "1,2";
			};
			name = Release;
		};
/* End XCBuildConfiguration section */

/* Begin XCConfigurationList section */
		DAD18BFC2B29E7C400E74100 /* Build configuration list for PBXProject "word" */ = {
			isa = XCConfigurationList;
			buildConfigurations = (
				DAD18C0E2B29E7C500E74100 /* Debug */,
				DAD18C0F2B29E7C500E74100 /* Release */,
			);
			defaultConfigurationIsVisible = 0;
			defaultConfigurationName = Release;
		};
		DAD18C102B29E7C500E74100 /* Build configuration list for PBXNativeTarget "word" */ = {
			isa = XCConfigurationList;
			buildConfigurations = (
				DAD18C112B29E7C500E74100 /* Debug */,
				DAD18C122B29E7C500E74100 /* Release */,
			);
			defaultConfigurationIsVisible = 0;
			defaultConfigurationName = Release;
		};
/* End XCConfigurationList section */

/* Begin XCRemoteSwiftPackageReference section */
		DA39E7AA2BB1BB7D00F39E8A /* XCRemoteSwiftPackageReference "swift-package-manager-google-mobile-ads" */ = {
			isa = XCRemoteSwiftPackageReference;
			repositoryURL = "https://github.com/googleads/swift-package-manager-google-mobile-ads.git";
			requirement = {
				kind = upToNextMajorVersion;
				minimumVersion = 11.2.0;
			};
		};
		DAFB4D612BB1C65C001C7E4B /* XCRemoteSwiftPackageReference "firebase-ios-sdk" */ = {
			isa = XCRemoteSwiftPackageReference;
			repositoryURL = "https://github.com/firebase/firebase-ios-sdk.git";
			requirement = {
				kind = upToNextMinorVersion;
				minimumVersion = 10.23.0;
			};
		};
		DAFB4D982BB1C6A7001C7E4B /* XCRemoteSwiftPackageReference "Amplitude-Swift" */ = {
			isa = XCRemoteSwiftPackageReference;
			repositoryURL = "https://github.com/amplitude/Amplitude-Swift";
			requirement = {
				branch = main;
				kind = branch;
			};
		};
/* End XCRemoteSwiftPackageReference section */

/* Begin XCSwiftPackageProductDependency section */
		DA2BFEE22BACD3630082DCD3 /* FirebaseCrashlytics */ = {
			isa = XCSwiftPackageProductDependency;
			productName = FirebaseCrashlytics;
		};
		DA2BFEE42BACD3630082DCD3 /* FirebaseFunctions */ = {
			isa = XCSwiftPackageProductDependency;
			productName = FirebaseFunctions;
		};
		DA2BFEE62BACD3630082DCD3 /* FirebaseFunctionsCombine-Community */ = {
			isa = XCSwiftPackageProductDependency;
			productName = "FirebaseFunctionsCombine-Community";
		};
		DA2BFEE82BACD3630082DCD3 /* FirebaseStorage */ = {
			isa = XCSwiftPackageProductDependency;
			productName = FirebaseStorage;
		};
		DA2BFEEA2BACD3630082DCD3 /* FirebaseStorageCombine-Community */ = {
			isa = XCSwiftPackageProductDependency;
			productName = "FirebaseStorageCombine-Community";
		};
		DA39E7AB2BB1BB7D00F39E8A /* GoogleMobileAds */ = {
			isa = XCSwiftPackageProductDependency;
			package = DA39E7AA2BB1BB7D00F39E8A /* XCRemoteSwiftPackageReference "swift-package-manager-google-mobile-ads" */;
			productName = GoogleMobileAds;
		};
		DAFB4D622BB1C65C001C7E4B /* FirebaseAnalytics */ = {
			isa = XCSwiftPackageProductDependency;
			package = DAFB4D612BB1C65C001C7E4B /* XCRemoteSwiftPackageReference "firebase-ios-sdk" */;
			productName = FirebaseAnalytics;
		};
		DAFB4D642BB1C65C001C7E4B /* FirebaseAnalyticsOnDeviceConversion */ = {
			isa = XCSwiftPackageProductDependency;
			package = DAFB4D612BB1C65C001C7E4B /* XCRemoteSwiftPackageReference "firebase-ios-sdk" */;
			productName = FirebaseAnalyticsOnDeviceConversion;
		};
		DAFB4D662BB1C65C001C7E4B /* FirebaseAnalyticsSwift */ = {
			isa = XCSwiftPackageProductDependency;
			package = DAFB4D612BB1C65C001C7E4B /* XCRemoteSwiftPackageReference "firebase-ios-sdk" */;
			productName = FirebaseAnalyticsSwift;
		};
		DAFB4D682BB1C65C001C7E4B /* FirebaseAnalyticsWithoutAdIdSupport */ = {
			isa = XCSwiftPackageProductDependency;
			package = DAFB4D612BB1C65C001C7E4B /* XCRemoteSwiftPackageReference "firebase-ios-sdk" */;
			productName = FirebaseAnalyticsWithoutAdIdSupport;
		};
		DAFB4D6A2BB1C65C001C7E4B /* FirebaseAppCheck */ = {
			isa = XCSwiftPackageProductDependency;
			package = DAFB4D612BB1C65C001C7E4B /* XCRemoteSwiftPackageReference "firebase-ios-sdk" */;
			productName = FirebaseAppCheck;
		};
		DAFB4D6C2BB1C65C001C7E4B /* FirebaseAppDistribution-Beta */ = {
			isa = XCSwiftPackageProductDependency;
			package = DAFB4D612BB1C65C001C7E4B /* XCRemoteSwiftPackageReference "firebase-ios-sdk" */;
			productName = "FirebaseAppDistribution-Beta";
		};
		DAFB4D6E2BB1C65C001C7E4B /* FirebaseAuth */ = {
			isa = XCSwiftPackageProductDependency;
			package = DAFB4D612BB1C65C001C7E4B /* XCRemoteSwiftPackageReference "firebase-ios-sdk" */;
			productName = FirebaseAuth;
		};
		DAFB4D702BB1C65C001C7E4B /* FirebaseAuthCombine-Community */ = {
			isa = XCSwiftPackageProductDependency;
			package = DAFB4D612BB1C65C001C7E4B /* XCRemoteSwiftPackageReference "firebase-ios-sdk" */;
			productName = "FirebaseAuthCombine-Community";
		};
		DAFB4D722BB1C65C001C7E4B /* FirebaseCrashlytics */ = {
			isa = XCSwiftPackageProductDependency;
			package = DAFB4D612BB1C65C001C7E4B /* XCRemoteSwiftPackageReference "firebase-ios-sdk" */;
			productName = FirebaseCrashlytics;
		};
		DAFB4D742BB1C65C001C7E4B /* FirebaseDatabase */ = {
			isa = XCSwiftPackageProductDependency;
			package = DAFB4D612BB1C65C001C7E4B /* XCRemoteSwiftPackageReference "firebase-ios-sdk" */;
			productName = FirebaseDatabase;
		};
		DAFB4D762BB1C65C001C7E4B /* FirebaseDatabaseSwift */ = {
			isa = XCSwiftPackageProductDependency;
			package = DAFB4D612BB1C65C001C7E4B /* XCRemoteSwiftPackageReference "firebase-ios-sdk" */;
			productName = FirebaseDatabaseSwift;
		};
		DAFB4D782BB1C65C001C7E4B /* FirebaseDynamicLinks */ = {
			isa = XCSwiftPackageProductDependency;
			package = DAFB4D612BB1C65C001C7E4B /* XCRemoteSwiftPackageReference "firebase-ios-sdk" */;
			productName = FirebaseDynamicLinks;
		};
		DAFB4D7A2BB1C65C001C7E4B /* FirebaseFirestore */ = {
			isa = XCSwiftPackageProductDependency;
			package = DAFB4D612BB1C65C001C7E4B /* XCRemoteSwiftPackageReference "firebase-ios-sdk" */;
			productName = FirebaseFirestore;
		};
		DAFB4D7C2BB1C65C001C7E4B /* FirebaseFirestoreCombine-Community */ = {
			isa = XCSwiftPackageProductDependency;
			package = DAFB4D612BB1C65C001C7E4B /* XCRemoteSwiftPackageReference "firebase-ios-sdk" */;
			productName = "FirebaseFirestoreCombine-Community";
		};
		DAFB4D7E2BB1C65C001C7E4B /* FirebaseFirestoreSwift */ = {
			isa = XCSwiftPackageProductDependency;
			package = DAFB4D612BB1C65C001C7E4B /* XCRemoteSwiftPackageReference "firebase-ios-sdk" */;
			productName = FirebaseFirestoreSwift;
		};
		DAFB4D802BB1C65C001C7E4B /* FirebaseFunctions */ = {
			isa = XCSwiftPackageProductDependency;
			package = DAFB4D612BB1C65C001C7E4B /* XCRemoteSwiftPackageReference "firebase-ios-sdk" */;
			productName = FirebaseFunctions;
		};
		DAFB4D822BB1C65C001C7E4B /* FirebaseFunctionsCombine-Community */ = {
			isa = XCSwiftPackageProductDependency;
			package = DAFB4D612BB1C65C001C7E4B /* XCRemoteSwiftPackageReference "firebase-ios-sdk" */;
			productName = "FirebaseFunctionsCombine-Community";
		};
		DAFB4D842BB1C65C001C7E4B /* FirebaseInAppMessaging-Beta */ = {
			isa = XCSwiftPackageProductDependency;
			package = DAFB4D612BB1C65C001C7E4B /* XCRemoteSwiftPackageReference "firebase-ios-sdk" */;
			productName = "FirebaseInAppMessaging-Beta";
		};
		DAFB4D862BB1C65C001C7E4B /* FirebaseInAppMessagingSwift-Beta */ = {
			isa = XCSwiftPackageProductDependency;
			package = DAFB4D612BB1C65C001C7E4B /* XCRemoteSwiftPackageReference "firebase-ios-sdk" */;
			productName = "FirebaseInAppMessagingSwift-Beta";
		};
		DAFB4D882BB1C65C001C7E4B /* FirebaseInstallations */ = {
			isa = XCSwiftPackageProductDependency;
			package = DAFB4D612BB1C65C001C7E4B /* XCRemoteSwiftPackageReference "firebase-ios-sdk" */;
			productName = FirebaseInstallations;
		};
		DAFB4D8A2BB1C65C001C7E4B /* FirebaseMLModelDownloader */ = {
			isa = XCSwiftPackageProductDependency;
			package = DAFB4D612BB1C65C001C7E4B /* XCRemoteSwiftPackageReference "firebase-ios-sdk" */;
			productName = FirebaseMLModelDownloader;
		};
		DAFB4D8C2BB1C65C001C7E4B /* FirebaseMessaging */ = {
			isa = XCSwiftPackageProductDependency;
			package = DAFB4D612BB1C65C001C7E4B /* XCRemoteSwiftPackageReference "firebase-ios-sdk" */;
			productName = FirebaseMessaging;
		};
		DAFB4D8E2BB1C65C001C7E4B /* FirebasePerformance */ = {
			isa = XCSwiftPackageProductDependency;
			package = DAFB4D612BB1C65C001C7E4B /* XCRemoteSwiftPackageReference "firebase-ios-sdk" */;
			productName = FirebasePerformance;
		};
		DAFB4D902BB1C65C001C7E4B /* FirebaseRemoteConfig */ = {
			isa = XCSwiftPackageProductDependency;
			package = DAFB4D612BB1C65C001C7E4B /* XCRemoteSwiftPackageReference "firebase-ios-sdk" */;
			productName = FirebaseRemoteConfig;
		};
		DAFB4D922BB1C65C001C7E4B /* FirebaseRemoteConfigSwift */ = {
			isa = XCSwiftPackageProductDependency;
			package = DAFB4D612BB1C65C001C7E4B /* XCRemoteSwiftPackageReference "firebase-ios-sdk" */;
			productName = FirebaseRemoteConfigSwift;
		};
		DAFB4D942BB1C65C001C7E4B /* FirebaseStorage */ = {
			isa = XCSwiftPackageProductDependency;
			package = DAFB4D612BB1C65C001C7E4B /* XCRemoteSwiftPackageReference "firebase-ios-sdk" */;
			productName = FirebaseStorage;
		};
		DAFB4D962BB1C65C001C7E4B /* FirebaseStorageCombine-Community */ = {
			isa = XCSwiftPackageProductDependency;
			package = DAFB4D612BB1C65C001C7E4B /* XCRemoteSwiftPackageReference "firebase-ios-sdk" */;
			productName = "FirebaseStorageCombine-Community";
		};
		DAFB4D992BB1C6A7001C7E4B /* AmplitudeSwift */ = {
			isa = XCSwiftPackageProductDependency;
			package = DAFB4D982BB1C6A7001C7E4B /* XCRemoteSwiftPackageReference "Amplitude-Swift" */;
			productName = AmplitudeSwift;
		};
/* End XCSwiftPackageProductDependency section */
	};
	rootObject = DAD18BF92B29E7C400E74100 /* Project object */;
}
